PODS:
  - ffmpeg-kit-local (1.0.0)
  - ReactiveObjC (3.1.1)

DEPENDENCIES:
  - ffmpeg-kit-local (from `./LocalPodspecs/ffmpeg-kit-macos-full/`)
  - ReactiveObjC

SPEC REPOS:
  trunk:
    - ReactiveObjC

EXTERNAL SOURCES:
  ffmpeg-kit-local:
    :path: "./LocalPodspecs/ffmpeg-kit-macos-full/"

SPEC CHECKSUMS:
  ffmpeg-kit-local: 77e54a4fcc45dab294fc3f024483fd2030660f45
  ReactiveObjC: 011caa393aa0383245f2dcf9bf02e86b80b36040

PODFILE CHECKSUM: 54f07192f79ae41ea0dabce8cfd040755a6e46e7

COCOAPODS: 1.16.2
