// !$*UTF8*$!
{
	archiveVersion = 1;
	classes = {
	};
	objectVersion = 77;
	objects = {

/* Begin PBXBuildFile section */
		120F6EFF90128F84EBE05E4D /* WLSourcePanel.m in Sources */ = {isa = PBXBuildFile; fileRef = 17723E7EFFF106A9B6363005 /* WLSourcePanel.m */; };
		29E7F8BC441BD8E6F6528001 /* WLAudioMixerPanel.m in Sources */ = {isa = PBXBuildFile; fileRef = 6E6B1E7C3296DD7FB5F374B3 /* WLAudioMixerPanel.m */; };
		2C80D4B02EF2AAFA00AB8D7F /* WLEventDisposeBag.m in Sources */ = {isa = PBXBuildFile; fileRef = 2C80D4AF2EF2AAFA00AB8D7F /* WLEventDisposeBag.m */; };
		2C80D4B32EF2AB5100AB8D7F /* WLEventSendItem.m in Sources */ = {isa = PBXBuildFile; fileRef = 2C80D4B22EF2AB5100AB8D7F /* WLEventSendItem.m */; };
		2CC1ECBB2EF0F3EE003A35ED /* WLSettingViewController.m in Sources */ = {isa = PBXBuildFile; fileRef = 2CC1ECBA2EF0F3EE003A35ED /* WLSettingViewController.m */; };
		2CC1ECFD2EF2448D003A35ED /* WLVideoSelectView.m in Sources */ = {isa = PBXBuildFile; fileRef = 2CC1ECFC2EF2448D003A35ED /* WLVideoSelectView.m */; };
		2CC1ED002EF24FAB003A35ED /* WLEvent.m in Sources */ = {isa = PBXBuildFile; fileRef = 2CC1ECFF2EF24FAB003A35ED /* WLEvent.m */; };
		56C899307DB177BBF11BFB8C /* WLControlsPanel.m in Sources */ = {isa = PBXBuildFile; fileRef = AB41A235C313FEAFECAE214D /* WLControlsPanel.m */; };
		61AA691E5834E71747D8DAB7 /* WLScenePanel.m in Sources */ = {isa = PBXBuildFile; fileRef = 920EC4A8EE892BEAF00AEC80 /* WLScenePanel.m */; };
		72007AC2781B5474AC08B610 /* WLControlPanelContainerView.m in Sources */ = {isa = PBXBuildFile; fileRef = 5BE989D556E418EB17B19381 /* WLControlPanelContainerView.m */; };
		7924514B0A156B04FDA094BF /* WLTransitionPanel.m in Sources */ = {isa = PBXBuildFile; fileRef = 9DDD5D5FFCB6D8E8D78C435E /* WLTransitionPanel.m */; };
		9C012D152F6E4DE900FB5170 /* WLResample.m in Sources */ = {isa = PBXBuildFile; fileRef = 9C012D142F6E4DE900FB5170 /* WLResample.m */; };
		9C012D182F6E670800FB5170 /* WLNode.m in Sources */ = {isa = PBXBuildFile; fileRef = 9C012D172F6E670800FB5170 /* WLNode.m */; };
		9C012D1B2F6E674200FB5170 /* WLNodeQueue.m in Sources */ = {isa = PBXBuildFile; fileRef = 9C012D1A2F6E674200FB5170 /* WLNodeQueue.m */; };
		9C10ABC22F6E3E4B0022A777 /* WLMediaSource.m in Sources */ = {isa = PBXBuildFile; fileRef = 9C10ABC12F6E3E4B0022A777 /* WLMediaSource.m */; };
		9C7D40502F0BFDA700756788 /* WLVideoDeviceSettingView.m in Sources */ = {isa = PBXBuildFile; fileRef = 9C7D404F2F0BFDA600756788 /* WLVideoDeviceSettingView.m */; };
		9C7D40512F0BFDA700756788 /* WLVideoDeviceSettingWindowController.m in Sources */ = {isa = PBXBuildFile; fileRef = 9C7D404D2F0BFDA600756788 /* WLVideoDeviceSettingWindowController.m */; };
		9CA926472F8D1CCE009068C8 /* WLCameraSource.m in Sources */ = {isa = PBXBuildFile; fileRef = 9CA926462F8D1CCE009068C8 /* WLCameraSource.m */; };
		9CA9264A2F8DAAAD009068C8 /* WLCameraSourceConfig.m in Sources */ = {isa = PBXBuildFile; fileRef = 9CA926492F8DAAAD009068C8 /* WLCameraSourceConfig.m */; };
		9CA9CB6E2F8FD89900FDEA07 /* WLToolbarButton.m in Sources */ = {isa = PBXBuildFile; fileRef = 9CA9CB6D2F8FD89900FDEA07 /* WLToolbarButton.m */; };
		9CB18F2E2EF035CD00C248B0 /* NSView+BackgroundColor.m in Sources */ = {isa = PBXBuildFile; fileRef = 9CB18F0E2EF035CD00C248B0 /* NSView+BackgroundColor.m */; };
		9CB18F2F2EF035CD00C248B0 /* NSWindow+WLExtend.m in Sources */ = {isa = PBXBuildFile; fileRef = 9CB18F102EF035CD00C248B0 /* NSWindow+WLExtend.m */; };
		9CB18F302EF035CD00C248B0 /* WLViedoPreview.m in Sources */ = {isa = PBXBuildFile; fileRef = 9CB18F132EF035CD00C248B0 /* WLViedoPreview.m */; };
		9CB18F312EF035CD00C248B0 /* NSArray+Function.m in Sources */ = {isa = PBXBuildFile; fileRef = 9CB18F172EF035CD00C248B0 /* NSArray+Function.m */; };
		9CB18F322EF035CD00C248B0 /* NSObject+BaseDataType.m in Sources */ = {isa = PBXBuildFile; fileRef = 9CB18F192EF035CD00C248B0 /* NSObject+BaseDataType.m */; };
		9CB18F332EF035CD00C248B0 /* AppDelegate.m in Sources */ = {isa = PBXBuildFile; fileRef = 9CB18F1C2EF035CD00C248B0 /* AppDelegate.m */; };
		9CB18F342EF035CD00C248B0 /* main.m in Sources */ = {isa = PBXBuildFile; fileRef = 9CB18F1F2EF035CD00C248B0 /* main.m */; };
		9CB18F352EF035CD00C248B0 /* TVUVideoManager.mm in Sources */ = {isa = PBXBuildFile; fileRef = 9CB18F232EF035CD00C248B0 /* TVUVideoManager.mm */; };
		9CB18F362EF035CD00C248B0 /* WLVideoManager.m in Sources */ = {isa = PBXBuildFile; fileRef = 9CB18F252EF035CD00C248B0 /* WLVideoManager.m */; };
		9CB18F372EF035CD00C248B0 /* WLDevicesManager.m in Sources */ = {isa = PBXBuildFile; fileRef = 9CB18F272EF035CD00C248B0 /* WLDevicesManager.m */; };
		9CB18F382EF035CD00C248B0 /* WLMainViewController.m in Sources */ = {isa = PBXBuildFile; fileRef = 9CB18F292EF035CD00C248B0 /* WLMainViewController.m */; };
		9CB18F392EF035CD00C248B0 /* WLMainWindowController.m in Sources */ = {isa = PBXBuildFile; fileRef = 9CB18F2B2EF035CD00C248B0 /* WLMainWindowController.m */; };
		9CB18F3A2EF035CD00C248B0 /* Assets.xcassets in Resources */ = {isa = PBXBuildFile; fileRef = 9CB18F1D2EF035CD00C248B0 /* Assets.xcassets */; };
		9CB18F3C2EF035CD00C248B0 /* Main.storyboard in Resources */ = {isa = PBXBuildFile; fileRef = 9CB18F212EF035CD00C248B0 /* Main.storyboard */; };
		9CB196772F72C2EC007C6FB1 /* WLAudioPlayer.m in Sources */ = {isa = PBXBuildFile; fileRef = 9CB196762F72C2EC007C6FB1 /* WLAudioPlayer.m */; };
		9CB474432F78CA0A00C8138F /* WLVideoEncode.m in Sources */ = {isa = PBXBuildFile; fileRef = 9CB474422F78CA0A00C8138F /* WLVideoEncode.m */; };
		9CB474462F78CA1C00C8138F /* WLAudioEncode.m in Sources */ = {isa = PBXBuildFile; fileRef = 9CB474452F78CA1C00C8138F /* WLAudioEncode.m */; };
		9CB474492F78CA3B00C8138F /* WLPushStreamsManager.m in Sources */ = {isa = PBXBuildFile; fileRef = 9CB474482F78CA3B00C8138F /* WLPushStreamsManager.m */; };
		9CB4744C2F78CC1F00C8138F /* WLStreamsManager.m in Sources */ = {isa = PBXBuildFile; fileRef = 9CB4744B2F78CC1F00C8138F /* WLStreamsManager.m */; };
		9CB474522F78CC7E00C8138F /* WLRenderingManager.m in Sources */ = {isa = PBXBuildFile; fileRef = 9CB474512F78CC7E00C8138F /* WLRenderingManager.m */; };
		9CB742C72EF42E4D00E773A3 /* WLEventObserveItem.m in Sources */ = {isa = PBXBuildFile; fileRef = 9CB742C62EF42E4D00E773A3 /* WLEventObserveItem.m */; };
		9CBEC7F72F75F09400FEB37E /* WLVideoConcatStreams.m in Sources */ = {isa = PBXBuildFile; fileRef = 9CBEC7F62F75F09400FEB37E /* WLVideoConcatStreams.m */; };
		9CC059982F0D4915004FEB9C /* TVUAudioManager.m in Sources */ = {isa = PBXBuildFile; fileRef = 9CC059972F0D4915004FEB9C /* TVUAudioManager.m */; };
		9CC2AD502F76C46A000E39D4 /* WLAudioMixStreams.m in Sources */ = {isa = PBXBuildFile; fileRef = 9CC2AD4F2F76C46A000E39D4 /* WLAudioMixStreams.m */; };
		9CCBFD322F8EFA4100D040F5 /* WLCameraSourceSettingView.m in Sources */ = {isa = PBXBuildFile; fileRef = 9CCBFD312F8EFA4000D040F5 /* WLCameraSourceSettingView.m */; };
		9CCBFD352F8EFA5F00D040F5 /* WLMediaSourceSettingView.m in Sources */ = {isa = PBXBuildFile; fileRef = 9CCBFD342F8EFA5F00D040F5 /* WLMediaSourceSettingView.m */; };
		9CCBFD382F8F002D00D040F5 /* WLMetalPreview.m in Sources */ = {isa = PBXBuildFile; fileRef = 9CCBFD372F8F002D00D040F5 /* WLMetalPreview.m */; };
		9CCBFD3A2F8F004300D040F5 /* WLMetalPreviewShaders.metal in Sources */ = {isa = PBXBuildFile; fileRef = 9CCBFD392F8F004300D040F5 /* WLMetalPreviewShaders.metal */; };
		9CE433C32F81FB670025C582 /* WLCoreUtils.m in Sources */ = {isa = PBXBuildFile; fileRef = 9CE433C22F81FB670025C582 /* WLCoreUtils.m */; };
		9CE433C72F83A73D0025C582 /* WLAudioResample.m in Sources */ = {isa = PBXBuildFile; fileRef = 9CE433C62F83A73D0025C582 /* WLAudioResample.m */; };
		9CE433CC2F83B1A60025C582 /* WLAudioQueuePlayer.m in Sources */ = {isa = PBXBuildFile; fileRef = 9CE433CB2F83B1A60025C582 /* WLAudioQueuePlayer.m */; };
		B21031CC8BE85DE811EBA5DA /* WLAudioBuffer.m in Sources */ = {isa = PBXBuildFile; fileRef = E56B38CC75CEA8C2FB6FA029 /* WLAudioBuffer.m */; };
		D3427D0A4434AAD9602A7B97 /* Pods_WorkLabs.framework in Frameworks */ = {isa = PBXBuildFile; fileRef = 82F01650BE4715EDB1B95D8C /* Pods_WorkLabs.framework */; };
/* End PBXBuildFile section */

/* Begin PBXFileReference section */
		02B40EA09EAB2A8F177C5498 /* WLAudioMixerPanel.h */ = {isa = PBXFileReference; includeInIndex = 1; lastKnownFileType = sourcecode.c.h; path = WLAudioMixerPanel.h; sourceTree = "<group>"; };
		061C57C4FE8D83AE2434E24F /* WLTransitionPanel.h */ = {isa = PBXFileReference; includeInIndex = 1; lastKnownFileType = sourcecode.c.h; path = WLTransitionPanel.h; sourceTree = "<group>"; };
		17723E7EFFF106A9B6363005 /* WLSourcePanel.m */ = {isa = PBXFileReference; includeInIndex = 1; lastKnownFileType = sourcecode.c.objc; path = WLSourcePanel.m; sourceTree = "<group>"; };
		1BB7035508A3AA761DC56575 /* WLAudioBuffer.h */ = {isa = PBXFileReference; includeInIndex = 1; lastKnownFileType = sourcecode.c.h; path = WLAudioBuffer.h; sourceTree = "<group>"; };
		2C80D4AA2EF2A99A00AB8D7F /* WLEventConst.h */ = {isa = PBXFileReference; lastKnownFileType = sourcecode.c.h; path = WLEventConst.h; sourceTree = "<group>"; };
		2C80D4AE2EF2AAFA00AB8D7F /* WLEventDisposeBag.h */ = {isa = PBXFileReference; lastKnownFileType = sourcecode.c.h; path = WLEventDisposeBag.h; sourceTree = "<group>"; };
		2C80D4AF2EF2AAFA00AB8D7F /* WLEventDisposeBag.m */ = {isa = PBXFileReference; lastKnownFileType = sourcecode.c.objc; path = WLEventDisposeBag.m; sourceTree = "<group>"; };
		2C80D4B12EF2AB5100AB8D7F /* WLEventSendItem.h */ = {isa = PBXFileReference; lastKnownFileType = sourcecode.c.h; path = WLEventSendItem.h; sourceTree = "<group>"; };
		2C80D4B22EF2AB5100AB8D7F /* WLEventSendItem.m */ = {isa = PBXFileReference; lastKnownFileType = sourcecode.c.objc; path = WLEventSendItem.m; sourceTree = "<group>"; };
		2CC1ECB92EF0F3EE003A35ED /* WLSettingViewController.h */ = {isa = PBXFileReference; lastKnownFileType = sourcecode.c.h; path = WLSettingViewController.h; sourceTree = "<group>"; };
		2CC1ECBA2EF0F3EE003A35ED /* WLSettingViewController.m */ = {isa = PBXFileReference; lastKnownFileType = sourcecode.c.objc; path = WLSettingViewController.m; sourceTree = "<group>"; };
		2CC1ECFB2EF2448D003A35ED /* WLVideoSelectView.h */ = {isa = PBXFileReference; lastKnownFileType = sourcecode.c.h; path = WLVideoSelectView.h; sourceTree = "<group>"; };
		2CC1ECFC2EF2448D003A35ED /* WLVideoSelectView.m */ = {isa = PBXFileReference; lastKnownFileType = sourcecode.c.objc; path = WLVideoSelectView.m; sourceTree = "<group>"; };
		2CC1ECFE2EF24FAB003A35ED /* WLEvent.h */ = {isa = PBXFileReference; lastKnownFileType = sourcecode.c.h; path = WLEvent.h; sourceTree = "<group>"; };
		2CC1ECFF2EF24FAB003A35ED /* WLEvent.m */ = {isa = PBXFileReference; lastKnownFileType = sourcecode.c.objc; path = WLEvent.m; sourceTree = "<group>"; };
		5BE989D556E418EB17B19381 /* WLControlPanelContainerView.m */ = {isa = PBXFileReference; includeInIndex = 1; lastKnownFileType = sourcecode.c.objc; path = WLControlPanelContainerView.m; sourceTree = "<group>"; };
		6E6B1E7C3296DD7FB5F374B3 /* WLAudioMixerPanel.m */ = {isa = PBXFileReference; includeInIndex = 1; lastKnownFileType = sourcecode.c.objc; path = WLAudioMixerPanel.m; sourceTree = "<group>"; };
		807CD9DDD0463F62C938810D /* Pods-WorkLabs.release.xcconfig */ = {isa = PBXFileReference; includeInIndex = 1; lastKnownFileType = text.xcconfig; name = "Pods-WorkLabs.release.xcconfig"; path = "Target Support Files/Pods-WorkLabs/Pods-WorkLabs.release.xcconfig"; sourceTree = "<group>"; };
		82F01650BE4715EDB1B95D8C /* Pods_WorkLabs.framework */ = {isa = PBXFileReference; explicitFileType = wrapper.framework; includeInIndex = 0; path = Pods_WorkLabs.framework; sourceTree = BUILT_PRODUCTS_DIR; };
		857C13881AB44FAFEE0A460D /* WLControlPanelContainerView.h */ = {isa = PBXFileReference; includeInIndex = 1; lastKnownFileType = sourcecode.c.h; path = WLControlPanelContainerView.h; sourceTree = "<group>"; };
		8639B5469E31266BED033446 /* WLSourcePanel.h */ = {isa = PBXFileReference; includeInIndex = 1; lastKnownFileType = sourcecode.c.h; path = WLSourcePanel.h; sourceTree = "<group>"; };
		86743E9611E0A815E6438FA5 /* WLScenePanel.h */ = {isa = PBXFileReference; includeInIndex = 1; lastKnownFileType = sourcecode.c.h; path = WLScenePanel.h; sourceTree = "<group>"; };
		920EC4A8EE892BEAF00AEC80 /* WLScenePanel.m */ = {isa = PBXFileReference; includeInIndex = 1; lastKnownFileType = sourcecode.c.objc; path = WLScenePanel.m; sourceTree = "<group>"; };
		9C012D132F6E4DE000FB5170 /* WLResample.h */ = {isa = PBXFileReference; lastKnownFileType = sourcecode.c.h; path = WLResample.h; sourceTree = "<group>"; };
		9C012D142F6E4DE900FB5170 /* WLResample.m */ = {isa = PBXFileReference; lastKnownFileType = sourcecode.c.objc; path = WLResample.m; sourceTree = "<group>"; };
		9C012D162F6E670800FB5170 /* WLNode.h */ = {isa = PBXFileReference; lastKnownFileType = sourcecode.c.h; path = WLNode.h; sourceTree = "<group>"; };
		9C012D172F6E670800FB5170 /* WLNode.m */ = {isa = PBXFileReference; lastKnownFileType = sourcecode.c.objc; path = WLNode.m; sourceTree = "<group>"; };
		9C012D192F6E674200FB5170 /* WLNodeQueue.h */ = {isa = PBXFileReference; lastKnownFileType = sourcecode.c.h; path = WLNodeQueue.h; sourceTree = "<group>"; };
		9C012D1A2F6E674200FB5170 /* WLNodeQueue.m */ = {isa = PBXFileReference; lastKnownFileType = sourcecode.c.objc; path = WLNodeQueue.m; sourceTree = "<group>"; };
		9C10ABC02F6E3E4B0022A777 /* WLMediaSource.h */ = {isa = PBXFileReference; lastKnownFileType = sourcecode.c.h; path = WLMediaSource.h; sourceTree = "<group>"; };
		9C10ABC12F6E3E4B0022A777 /* WLMediaSource.m */ = {isa = PBXFileReference; lastKnownFileType = sourcecode.c.objc; path = WLMediaSource.m; sourceTree = "<group>"; };
		9C7D404C2F0BFDA600756788 /* WLVideoDeviceSettingWindowController.h */ = {isa = PBXFileReference; lastKnownFileType = sourcecode.c.h; path = WLVideoDeviceSettingWindowController.h; sourceTree = "<group>"; };
		9C7D404D2F0BFDA600756788 /* WLVideoDeviceSettingWindowController.m */ = {isa = PBXFileReference; lastKnownFileType = sourcecode.c.objc; path = WLVideoDeviceSettingWindowController.m; sourceTree = "<group>"; };
		9C7D404E2F0BFDA600756788 /* WLVideoDeviceSettingView.h */ = {isa = PBXFileReference; lastKnownFileType = sourcecode.c.h; path = WLVideoDeviceSettingView.h; sourceTree = "<group>"; };
		9C7D404F2F0BFDA600756788 /* WLVideoDeviceSettingView.m */ = {isa = PBXFileReference; lastKnownFileType = sourcecode.c.objc; path = WLVideoDeviceSettingView.m; sourceTree = "<group>"; };
		9CA6B4412EC069B2002C613D /* WorkLabs.app */ = {isa = PBXFileReference; explicitFileType = wrapper.application; includeInIndex = 0; path = WorkLabs.app; sourceTree = BUILT_PRODUCTS_DIR; };
		9CA926452F8D1CCE009068C8 /* WLCameraSource.h */ = {isa = PBXFileReference; lastKnownFileType = sourcecode.c.h; path = WLCameraSource.h; sourceTree = "<group>"; };
		9CA926462F8D1CCE009068C8 /* WLCameraSource.m */ = {isa = PBXFileReference; lastKnownFileType = sourcecode.c.objc; path = WLCameraSource.m; sourceTree = "<group>"; };
		9CA926482F8DAAAB009068C8 /* WLCameraSourceConfig.h */ = {isa = PBXFileReference; lastKnownFileType = sourcecode.c.h; path = WLCameraSourceConfig.h; sourceTree = "<group>"; };
		9CA926492F8DAAAD009068C8 /* WLCameraSourceConfig.m */ = {isa = PBXFileReference; lastKnownFileType = sourcecode.c.objc; path = WLCameraSourceConfig.m; sourceTree = "<group>"; };
		9CA9CB6C2F8FD89000FDEA07 /* WLToolbarButton.h */ = {isa = PBXFileReference; lastKnownFileType = sourcecode.c.h; path = WLToolbarButton.h; sourceTree = "<group>"; };
		9CA9CB6D2F8FD89900FDEA07 /* WLToolbarButton.m */ = {isa = PBXFileReference; lastKnownFileType = sourcecode.c.objc; path = WLToolbarButton.m; sourceTree = "<group>"; };
		9CB18F0D2EF035CD00C248B0 /* NSView+BackgroundColor.h */ = {isa = PBXFileReference; lastKnownFileType = sourcecode.c.h; path = "NSView+BackgroundColor.h"; sourceTree = "<group>"; };
		9CB18F0E2EF035CD00C248B0 /* NSView+BackgroundColor.m */ = {isa = PBXFileReference; lastKnownFileType = sourcecode.c.objc; path = "NSView+BackgroundColor.m"; sourceTree = "<group>"; };
		9CB18F0F2EF035CD00C248B0 /* NSWindow+WLExtend.h */ = {isa = PBXFileReference; lastKnownFileType = sourcecode.c.h; path = "NSWindow+WLExtend.h"; sourceTree = "<group>"; };
		9CB18F102EF035CD00C248B0 /* NSWindow+WLExtend.m */ = {isa = PBXFileReference; lastKnownFileType = sourcecode.c.objc; path = "NSWindow+WLExtend.m"; sourceTree = "<group>"; };
		9CB18F122EF035CD00C248B0 /* WLViedoPreview.h */ = {isa = PBXFileReference; lastKnownFileType = sourcecode.c.h; path = WLViedoPreview.h; sourceTree = "<group>"; };
		9CB18F132EF035CD00C248B0 /* WLViedoPreview.m */ = {isa = PBXFileReference; lastKnownFileType = sourcecode.c.objc; path = WLViedoPreview.m; sourceTree = "<group>"; };
		9CB18F162EF035CD00C248B0 /* NSArray+Function.h */ = {isa = PBXFileReference; lastKnownFileType = sourcecode.c.h; path = "NSArray+Function.h"; sourceTree = "<group>"; };
		9CB18F172EF035CD00C248B0 /* NSArray+Function.m */ = {isa = PBXFileReference; lastKnownFileType = sourcecode.c.objc; path = "NSArray+Function.m"; sourceTree = "<group>"; };
		9CB18F182EF035CD00C248B0 /* NSObject+BaseDataType.h */ = {isa = PBXFileReference; lastKnownFileType = sourcecode.c.h; path = "NSObject+BaseDataType.h"; sourceTree = "<group>"; };
		9CB18F192EF035CD00C248B0 /* NSObject+BaseDataType.m */ = {isa = PBXFileReference; lastKnownFileType = sourcecode.c.objc; path = "NSObject+BaseDataType.m"; sourceTree = "<group>"; };
		9CB18F1B2EF035CD00C248B0 /* AppDelegate.h */ = {isa = PBXFileReference; lastKnownFileType = sourcecode.c.h; path = AppDelegate.h; sourceTree = "<group>"; };
		9CB18F1C2EF035CD00C248B0 /* AppDelegate.m */ = {isa = PBXFileReference; lastKnownFileType = sourcecode.c.objc; path = AppDelegate.m; sourceTree = "<group>"; };
		9CB18F1D2EF035CD00C248B0 /* Assets.xcassets */ = {isa = PBXFileReference; lastKnownFileType = folder.assetcatalog; path = Assets.xcassets; sourceTree = "<group>"; };
		9CB18F1E2EF035CD00C248B0 /* Info.plist */ = {isa = PBXFileReference; lastKnownFileType = text.plist.xml; path = Info.plist; sourceTree = "<group>"; };
		9CB18F1F2EF035CD00C248B0 /* main.m */ = {isa = PBXFileReference; lastKnownFileType = sourcecode.c.objc; path = main.m; sourceTree = "<group>"; };
		9CB18F202EF035CD00C248B0 /* Base */ = {isa = PBXFileReference; lastKnownFileType = file.storyboard; name = Base; path = Base.lproj/Main.storyboard; sourceTree = "<group>"; };
		9CB18F222EF035CD00C248B0 /* TVUVideoManager.h */ = {isa = PBXFileReference; lastKnownFileType = sourcecode.c.h; path = TVUVideoManager.h; sourceTree = "<group>"; };
		9CB18F232EF035CD00C248B0 /* TVUVideoManager.mm */ = {isa = PBXFileReference; lastKnownFileType = sourcecode.cpp.objcpp; path = TVUVideoManager.mm; sourceTree = "<group>"; };
		9CB18F242EF035CD00C248B0 /* WLVideoManager.h */ = {isa = PBXFileReference; lastKnownFileType = sourcecode.c.h; path = WLVideoManager.h; sourceTree = "<group>"; };
		9CB18F252EF035CD00C248B0 /* WLVideoManager.m */ = {isa = PBXFileReference; lastKnownFileType = sourcecode.c.objc; path = WLVideoManager.m; sourceTree = "<group>"; };
		9CB18F262EF035CD00C248B0 /* WLDevicesManager.h */ = {isa = PBXFileReference; lastKnownFileType = sourcecode.c.h; path = WLDevicesManager.h; sourceTree = "<group>"; };
		9CB18F272EF035CD00C248B0 /* WLDevicesManager.m */ = {isa = PBXFileReference; lastKnownFileType = sourcecode.c.objc; path = WLDevicesManager.m; sourceTree = "<group>"; };
		9CB18F282EF035CD00C248B0 /* WLMainViewController.h */ = {isa = PBXFileReference; lastKnownFileType = sourcecode.c.h; path = WLMainViewController.h; sourceTree = "<group>"; };
		9CB18F292EF035CD00C248B0 /* WLMainViewController.m */ = {isa = PBXFileReference; lastKnownFileType = sourcecode.c.objc; path = WLMainViewController.m; sourceTree = "<group>"; };
		9CB18F2A2EF035CD00C248B0 /* WLMainWindowController.h */ = {isa = PBXFileReference; lastKnownFileType = sourcecode.c.h; path = WLMainWindowController.h; sourceTree = "<group>"; };
		9CB18F2B2EF035CD00C248B0 /* WLMainWindowController.m */ = {isa = PBXFileReference; lastKnownFileType = sourcecode.c.objc; path = WLMainWindowController.m; sourceTree = "<group>"; };
		9CB18F2C2EF035CD00C248B0 /* WorkLabs.entitlements */ = {isa = PBXFileReference; lastKnownFileType = text.plist.entitlements; path = WorkLabs.entitlements; sourceTree = "<group>"; };
		9CB196752F72C2EC007C6FB1 /* WLAudioPlayer.h */ = {isa = PBXFileReference; lastKnownFileType = sourcecode.c.h; path = WLAudioPlayer.h; sourceTree = "<group>"; };
		9CB196762F72C2EC007C6FB1 /* WLAudioPlayer.m */ = {isa = PBXFileReference; lastKnownFileType = sourcecode.c.objc; path = WLAudioPlayer.m; sourceTree = "<group>"; };
		9CB474412F78CA0A00C8138F /* WLVideoEncode.h */ = {isa = PBXFileReference; lastKnownFileType = sourcecode.c.h; path = WLVideoEncode.h; sourceTree = "<group>"; };
		9CB474422F78CA0A00C8138F /* WLVideoEncode.m */ = {isa = PBXFileReference; lastKnownFileType = sourcecode.c.objc; path = WLVideoEncode.m; sourceTree = "<group>"; };
		9CB474442F78CA1C00C8138F /* WLAudioEncode.h */ = {isa = PBXFileReference; lastKnownFileType = sourcecode.c.h; path = WLAudioEncode.h; sourceTree = "<group>"; };
		9CB474452F78CA1C00C8138F /* WLAudioEncode.m */ = {isa = PBXFileReference; lastKnownFileType = sourcecode.c.objc; path = WLAudioEncode.m; sourceTree = "<group>"; };
		9CB474472F78CA3B00C8138F /* WLPushStreamsManager.h */ = {isa = PBXFileReference; lastKnownFileType = sourcecode.c.h; path = WLPushStreamsManager.h; sourceTree = "<group>"; };
		9CB474482F78CA3B00C8138F /* WLPushStreamsManager.m */ = {isa = PBXFileReference; lastKnownFileType = sourcecode.c.objc; path = WLPushStreamsManager.m; sourceTree = "<group>"; };
		9CB4744A2F78CC1F00C8138F /* WLStreamsManager.h */ = {isa = PBXFileReference; lastKnownFileType = sourcecode.c.h; path = WLStreamsManager.h; sourceTree = "<group>"; };
		9CB4744B2F78CC1F00C8138F /* WLStreamsManager.m */ = {isa = PBXFileReference; lastKnownFileType = sourcecode.c.objc; path = WLStreamsManager.m; sourceTree = "<group>"; };
		9CB474502F78CC7E00C8138F /* WLRenderingManager.h */ = {isa = PBXFileReference; lastKnownFileType = sourcecode.c.h; path = WLRenderingManager.h; sourceTree = "<group>"; };
		9CB474512F78CC7E00C8138F /* WLRenderingManager.m */ = {isa = PBXFileReference; lastKnownFileType = sourcecode.c.objc; path = WLRenderingManager.m; sourceTree = "<group>"; };
		9CB742C52EF42E4D00E773A3 /* WLEventObserveItem.h */ = {isa = PBXFileReference; lastKnownFileType = sourcecode.c.h; path = WLEventObserveItem.h; sourceTree = "<group>"; };
		9CB742C62EF42E4D00E773A3 /* WLEventObserveItem.m */ = {isa = PBXFileReference; lastKnownFileType = sourcecode.c.objc; path = WLEventObserveItem.m; sourceTree = "<group>"; };
		9CBEC7F52F75F09400FEB37E /* WLVideoConcatStreams.h */ = {isa = PBXFileReference; lastKnownFileType = sourcecode.c.h; path = WLVideoConcatStreams.h; sourceTree = "<group>"; };
		9CBEC7F62F75F09400FEB37E /* WLVideoConcatStreams.m */ = {isa = PBXFileReference; lastKnownFileType = sourcecode.c.objc; path = WLVideoConcatStreams.m; sourceTree = "<group>"; };
		9CC059962F0D4915004FEB9C /* TVUAudioManager.h */ = {isa = PBXFileReference; lastKnownFileType = sourcecode.c.h; path = TVUAudioManager.h; sourceTree = "<group>"; };
		9CC059972F0D4915004FEB9C /* TVUAudioManager.m */ = {isa = PBXFileReference; lastKnownFileType = sourcecode.c.objc; path = TVUAudioManager.m; sourceTree = "<group>"; };
		9CC2AD4E2F76C46A000E39D4 /* WLAudioMixStreams.h */ = {isa = PBXFileReference; lastKnownFileType = sourcecode.c.h; path = WLAudioMixStreams.h; sourceTree = "<group>"; };
		9CC2AD4F2F76C46A000E39D4 /* WLAudioMixStreams.m */ = {isa = PBXFileReference; lastKnownFileType = sourcecode.c.objc; path = WLAudioMixStreams.m; sourceTree = "<group>"; };
		9CCBFD302F8EFA1000D040F5 /* WLCameraSourceSettingView.h */ = {isa = PBXFileReference; lastKnownFileType = sourcecode.c.h; path = WLCameraSourceSettingView.h; sourceTree = "<group>"; };
		9CCBFD312F8EFA4000D040F5 /* WLCameraSourceSettingView.m */ = {isa = PBXFileReference; lastKnownFileType = sourcecode.c.objc; path = WLCameraSourceSettingView.m; sourceTree = "<group>"; };
		9CCBFD332F8EFA4400D040F5 /* WLMediaSourceSettingView.h */ = {isa = PBXFileReference; lastKnownFileType = sourcecode.c.h; path = WLMediaSourceSettingView.h; sourceTree = "<group>"; };
		9CCBFD342F8EFA5F00D040F5 /* WLMediaSourceSettingView.m */ = {isa = PBXFileReference; lastKnownFileType = sourcecode.c.objc; path = WLMediaSourceSettingView.m; sourceTree = "<group>"; };
		9CCBFD362F8EFFE700D040F5 /* WLMetalPreview.h */ = {isa = PBXFileReference; lastKnownFileType = sourcecode.c.h; path = WLMetalPreview.h; sourceTree = "<group>"; };
		9CCBFD372F8F002D00D040F5 /* WLMetalPreview.m */ = {isa = PBXFileReference; lastKnownFileType = sourcecode.c.objc; path = WLMetalPreview.m; sourceTree = "<group>"; };
		9CCBFD392F8F004300D040F5 /* WLMetalPreviewShaders.metal */ = {isa = PBXFileReference; lastKnownFileType = sourcecode.metal; path = WLMetalPreviewShaders.metal; sourceTree = "<group>"; };
		9CE433C12F81FB670025C582 /* WLCoreUtils.h */ = {isa = PBXFileReference; lastKnownFileType = sourcecode.c.h; path = WLCoreUtils.h; sourceTree = "<group>"; };
		9CE433C22F81FB670025C582 /* WLCoreUtils.m */ = {isa = PBXFileReference; lastKnownFileType = sourcecode.c.objc; path = WLCoreUtils.m; sourceTree = "<group>"; };
		9CE433C52F83A73D0025C582 /* WLAudioResample.h */ = {isa = PBXFileReference; lastKnownFileType = sourcecode.c.h; path = WLAudioResample.h; sourceTree = "<group>"; };
		9CE433C62F83A73D0025C582 /* WLAudioResample.m */ = {isa = PBXFileReference; lastKnownFileType = sourcecode.c.objc; path = WLAudioResample.m; sourceTree = "<group>"; };
		9CE433CA2F83B1A60025C582 /* WLAudioQueuePlayer.h */ = {isa = PBXFileReference; lastKnownFileType = sourcecode.c.h; path = WLAudioQueuePlayer.h; sourceTree = "<group>"; };
		9CE433CB2F83B1A60025C582 /* WLAudioQueuePlayer.m */ = {isa = PBXFileReference; lastKnownFileType = sourcecode.c.objc; path = WLAudioQueuePlayer.m; sourceTree = "<group>"; };
		9DDD5D5FFCB6D8E8D78C435E /* WLTransitionPanel.m */ = {isa = PBXFileReference; includeInIndex = 1; lastKnownFileType = sourcecode.c.objc; path = WLTransitionPanel.m; sourceTree = "<group>"; };
		AB41A235C313FEAFECAE214D /* WLControlsPanel.m */ = {isa = PBXFileReference; includeInIndex = 1; lastKnownFileType = sourcecode.c.objc; path = WLControlsPanel.m; sourceTree = "<group>"; };
		AC89CF9A75BA89BDAEBA99CD /* Pods-WorkLabs.debug.xcconfig */ = {isa = PBXFileReference; includeInIndex = 1; lastKnownFileType = text.xcconfig; name = "Pods-WorkLabs.debug.xcconfig"; path = "Target Support Files/Pods-WorkLabs/Pods-WorkLabs.debug.xcconfig"; sourceTree = "<group>"; };
		CF38B238814917E80236A94C /* WLControlsPanel.h */ = {isa = PBXFileReference; includeInIndex = 1; lastKnownFileType = sourcecode.c.h; path = WLControlsPanel.h; sourceTree = "<group>"; };
		E56B38CC75CEA8C2FB6FA029 /* WLAudioBuffer.m */ = {isa = PBXFileReference; includeInIndex = 1; lastKnownFileType = sourcecode.c.objc; path = WLAudioBuffer.m; sourceTree = "<group>"; };
/* End PBXFileReference section */

/* Begin PBXFrameworksBuildPhase section */
		9CA6B43E2EC069B2002C613D /* Frameworks */ = {
			isa = PBXFrameworksBuildPhase;
			buildActionMask = 2147483647;
			files = (
				D3427D0A4434AAD9602A7B97 /* Pods_WorkLabs.framework in Frameworks */,
			);
			runOnlyForDeploymentPostprocessing = 0;
		};
/* End PBXFrameworksBuildPhase section */

/* Begin PBXGroup section */
		1057339B7C91C619E3AD88B3 /* ControlPanel */ = {
			isa = PBXGroup;
			children = (
				86743E9611E0A815E6438FA5 /* WLScenePanel.h */,
				920EC4A8EE892BEAF00AEC80 /* WLScenePanel.m */,
				8639B5469E31266BED033446 /* WLSourcePanel.h */,
				17723E7EFFF106A9B6363005 /* WLSourcePanel.m */,
				02B40EA09EAB2A8F177C5498 /* WLAudioMixerPanel.h */,
				6E6B1E7C3296DD7FB5F374B3 /* WLAudioMixerPanel.m */,
				061C57C4FE8D83AE2434E24F /* WLTransitionPanel.h */,
				9DDD5D5FFCB6D8E8D78C435E /* WLTransitionPanel.m */,
				CF38B238814917E80236A94C /* WLControlsPanel.h */,
				AB41A235C313FEAFECAE214D /* WLControlsPanel.m */,
				857C13881AB44FAFEE0A460D /* WLControlPanelContainerView.h */,
				5BE989D556E418EB17B19381 /* WLControlPanelContainerView.m */,
				9CA9CB6C2F8FD89000FDEA07 /* WLToolbarButton.h */,
				9CA9CB6D2F8FD89900FDEA07 /* WLToolbarButton.m */,
			);
			path = ControlPanel;
			sourceTree = "<group>";
		};
		2C80D4A92EF2A92B00AB8D7F /* Event */ = {
			isa = PBXGroup;
			children = (
				2CC1ECFE2EF24FAB003A35ED /* WLEvent.h */,
				2CC1ECFF2EF24FAB003A35ED /* WLEvent.m */,
				2C80D4B12EF2AB5100AB8D7F /* WLEventSendItem.h */,
				2C80D4B22EF2AB5100AB8D7F /* WLEventSendItem.m */,
				9CB742C52EF42E4D00E773A3 /* WLEventObserveItem.h */,
				9CB742C62EF42E4D00E773A3 /* WLEventObserveItem.m */,
				2C80D4AE2EF2AAFA00AB8D7F /* WLEventDisposeBag.h */,
				2C80D4AF2EF2AAFA00AB8D7F /* WLEventDisposeBag.m */,
				2C80D4AA2EF2A99A00AB8D7F /* WLEventConst.h */,
			);
			path = Event;
			sourceTree = "<group>";
		};
		9C10ABBF2F6E3E280022A777 /* MediaSource */ = {
			isa = PBXGroup;
			children = (
				9C10ABC02F6E3E4B0022A777 /* WLMediaSource.h */,
				9C10ABC12F6E3E4B0022A777 /* WLMediaSource.m */,
			);
			path = MediaSource;
			sourceTree = "<group>";
		};
		9C7D40492F0BFD5B00756788 /* UI */ = {
			isa = PBXGroup;
			children = (
				9C7D404A2F0BFD8100756788 /* Main */,
				9C7D404B2F0BFDA500756788 /* Setting */,
				1057339B7C91C619E3AD88B3 /* ControlPanel */,
			);
			path = UI;
			sourceTree = "<group>";
		};
		9C7D404A2F0BFD8100756788 /* Main */ = {
			isa = PBXGroup;
			children = (
				9CB18F282EF035CD00C248B0 /* WLMainViewController.h */,
				9CB18F292EF035CD00C248B0 /* WLMainViewController.m */,
				9CB18F2A2EF035CD00C248B0 /* WLMainWindowController.h */,
				9CB18F2B2EF035CD00C248B0 /* WLMainWindowController.m */,
			);
			path = Main;
			sourceTree = "<group>";
		};
		9C7D404B2F0BFDA500756788 /* Setting */ = {
			isa = PBXGroup;
			children = (
				2CC1ECB92EF0F3EE003A35ED /* WLSettingViewController.h */,
				2CC1ECBA2EF0F3EE003A35ED /* WLSettingViewController.m */,
				9C7D404C2F0BFDA600756788 /* WLVideoDeviceSettingWindowController.h */,
				9C7D404D2F0BFDA600756788 /* WLVideoDeviceSettingWindowController.m */,
				9C7D404E2F0BFDA600756788 /* WLVideoDeviceSettingView.h */,
				9C7D404F2F0BFDA600756788 /* WLVideoDeviceSettingView.m */,
				9CCBFD302F8EFA1000D040F5 /* WLCameraSourceSettingView.h */,
				9CCBFD312F8EFA4000D040F5 /* WLCameraSourceSettingView.m */,
				9CCBFD332F8EFA4400D040F5 /* WLMediaSourceSettingView.h */,
				9CCBFD342F8EFA5F00D040F5 /* WLMediaSourceSettingView.m */,
			);
			path = Setting;
			sourceTree = "<group>";
		};
		9C7D404C2F0BFDD500756788 /* Video */ = {
			isa = PBXGroup;
			children = (
				9CB18F222EF035CD00C248B0 /* TVUVideoManager.h */,
				9CB18F232EF035CD00C248B0 /* TVUVideoManager.mm */,
				9CB18F242EF035CD00C248B0 /* WLVideoManager.h */,
				9CB18F252EF035CD00C248B0 /* WLVideoManager.m */,
				9CB18F262EF035CD00C248B0 /* WLDevicesManager.h */,
				9CB18F272EF035CD00C248B0 /* WLDevicesManager.m */,
			);
			path = Video;
			sourceTree = "<group>";
		};
		9CA6B4382EC069B2002C613D = {
			isa = PBXGroup;
			children = (
				9CB18F2D2EF035CD00C248B0 /* WorkLabs */,
				9CA6B4422EC069B2002C613D /* Products */,
				E77F8B1DE8DAB9204493E876 /* Pods */,
				D8B068687708BF0CFB038443 /* Frameworks */,
			);
			sourceTree = "<group>";
		};
		9CA6B4422EC069B2002C613D /* Products */ = {
			isa = PBXGroup;
			children = (
				9CA6B4412EC069B2002C613D /* WorkLabs.app */,
			);
			name = Products;
			sourceTree = "<group>";
		};
		9CA926442F8D1CAD009068C8 /* CameraSource */ = {
			isa = PBXGroup;
			children = (
				9CA926452F8D1CCE009068C8 /* WLCameraSource.h */,
				9CA926462F8D1CCE009068C8 /* WLCameraSource.m */,
				9CA926482F8DAAAB009068C8 /* WLCameraSourceConfig.h */,
				9CA926492F8DAAAD009068C8 /* WLCameraSourceConfig.m */,
			);
			path = CameraSource;
			sourceTree = "<group>";
		};
		9CB18F112EF035CD00C248B0 /* Category */ = {
			isa = PBXGroup;
			children = (
				9CB18F0D2EF035CD00C248B0 /* NSView+BackgroundColor.h */,
				9CB18F0E2EF035CD00C248B0 /* NSView+BackgroundColor.m */,
				9CB18F0F2EF035CD00C248B0 /* NSWindow+WLExtend.h */,
				9CB18F102EF035CD00C248B0 /* NSWindow+WLExtend.m */,
			);
			path = Category;
			sourceTree = "<group>";
		};
		9CB18F142EF035CD00C248B0 /* Custom */ = {
			isa = PBXGroup;
			children = (
				9CB18F122EF035CD00C248B0 /* WLViedoPreview.h */,
				9CB18F132EF035CD00C248B0 /* WLViedoPreview.m */,
			);
			path = Custom;
			sourceTree = "<group>";
		};
		9CB18F152EF035CD00C248B0 /* UI */ = {
			isa = PBXGroup;
			children = (
				9CB18F112EF035CD00C248B0 /* Category */,
				9CB18F142EF035CD00C248B0 /* Custom */,
			);
			path = UI;
			sourceTree = "<group>";
		};
		9CB18F1A2EF035CD00C248B0 /* WLUtils */ = {
			isa = PBXGroup;
			children = (
				2C80D4A92EF2A92B00AB8D7F /* Event */,
				9CB18F152EF035CD00C248B0 /* UI */,
				9CB18F162EF035CD00C248B0 /* NSArray+Function.h */,
				9CB18F172EF035CD00C248B0 /* NSArray+Function.m */,
				9CB18F182EF035CD00C248B0 /* NSObject+BaseDataType.h */,
				9CB18F192EF035CD00C248B0 /* NSObject+BaseDataType.m */,
			);
			path = WLUtils;
			sourceTree = "<group>";
		};
		9CB18F2D2EF035CD00C248B0 /* WorkLabs */ = {
			isa = PBXGroup;
			children = (
				9CD046BE2F91A28A008EAC25 /* Scene */,
				9CC059942F0D485C004FEB9C /* Core */,
				9C7D404C2F0BFDD500756788 /* Video */,
				9C7D40492F0BFD5B00756788 /* UI */,
				9CB18F1A2EF035CD00C248B0 /* WLUtils */,
				9CB18F1B2EF035CD00C248B0 /* AppDelegate.h */,
				9CB18F1C2EF035CD00C248B0 /* AppDelegate.m */,
				9CB18F1D2EF035CD00C248B0 /* Assets.xcassets */,
				9CB18F212EF035CD00C248B0 /* Main.storyboard */,
				9CB18F1E2EF035CD00C248B0 /* Info.plist */,
				9CB18F1F2EF035CD00C248B0 /* main.m */,
				2CC1ECFB2EF2448D003A35ED /* WLVideoSelectView.h */,
				2CC1ECFC2EF2448D003A35ED /* WLVideoSelectView.m */,
				9CB18F2C2EF035CD00C248B0 /* WorkLabs.entitlements */,
			);
			path = WorkLabs;
			sourceTree = "<group>";
		};
		9CB4743D2F78C98100C8138F /* Encodes */ = {
			isa = PBXGroup;
			children = (
				9CB474402F78C9EF00C8138F /* Audio */,
				9CB4743F2F78C9E700C8138F /* Video */,
			);
			path = Encodes;
			sourceTree = "<group>";
		};
		9CB4743E2F78C9C100C8138F /* PushStreams */ = {
			isa = PBXGroup;
			children = (
				9CB474472F78CA3B00C8138F /* WLPushStreamsManager.h */,
				9CB474482F78CA3B00C8138F /* WLPushStreamsManager.m */,
			);
			path = PushStreams;
			sourceTree = "<group>";
		};
		9CB4743F2F78C9E700C8138F /* Video */ = {
			isa = PBXGroup;
			children = (
				9CB474412F78CA0A00C8138F /* WLVideoEncode.h */,
				9CB474422F78CA0A00C8138F /* WLVideoEncode.m */,
			);
			path = Video;
			sourceTree = "<group>";
		};
		9CB474402F78C9EF00C8138F /* Audio */ = {
			isa = PBXGroup;
			children = (
				9CB474442F78CA1C00C8138F /* WLAudioEncode.h */,
				9CB474452F78CA1C00C8138F /* WLAudioEncode.m */,
			);
			path = Audio;
			sourceTree = "<group>";
		};
		9CB4744D2F78CC4C00C8138F /* Rendering */ = {
			isa = PBXGroup;
			children = (
				9CB4744F2F78CC6400C8138F /* Audio */,
				9CB4744E2F78CC5A00C8138F /* Video */,
				9CB474502F78CC7E00C8138F /* WLRenderingManager.h */,
				9CB474512F78CC7E00C8138F /* WLRenderingManager.m */,
				9CCBFD362F8EFFE700D040F5 /* WLMetalPreview.h */,
				9CCBFD372F8F002D00D040F5 /* WLMetalPreview.m */,
				9CCBFD392F8F004300D040F5 /* WLMetalPreviewShaders.metal */,
			);
			path = Rendering;
			sourceTree = "<group>";
		};
		9CB4744E2F78CC5A00C8138F /* Video */ = {
			isa = PBXGroup;
			children = (
			);
			path = Video;
			sourceTree = "<group>";
		};
		9CB4744F2F78CC6400C8138F /* Audio */ = {
			isa = PBXGroup;
			children = (
			);
			path = Audio;
			sourceTree = "<group>";
		};
		9CBEC7F42F75F06B00FEB37E /* Streams */ = {
			isa = PBXGroup;
			children = (
				9CBEC7F52F75F09400FEB37E /* WLVideoConcatStreams.h */,
				9CBEC7F62F75F09400FEB37E /* WLVideoConcatStreams.m */,
				9CC2AD4E2F76C46A000E39D4 /* WLAudioMixStreams.h */,
				9CC2AD4F2F76C46A000E39D4 /* WLAudioMixStreams.m */,
				9CB4744A2F78CC1F00C8138F /* WLStreamsManager.h */,
				9CB4744B2F78CC1F00C8138F /* WLStreamsManager.m */,
			);
			path = Streams;
			sourceTree = "<group>";
		};
		9CC059942F0D485C004FEB9C /* Core */ = {
			isa = PBXGroup;
			children = (
				9C10ABBF2F6E3E280022A777 /* MediaSource */,
				9CA926442F8D1CAD009068C8 /* CameraSource */,
				9CE433C42F82850E0025C582 /* Queue */,
				9CE433C02F81FB330025C582 /* Utils */,
				9CB4744D2F78CC4C00C8138F /* Rendering */,
				9CB4743E2F78C9C100C8138F /* PushStreams */,
				9CB4743D2F78C98100C8138F /* Encodes */,
				9CBEC7F42F75F06B00FEB37E /* Streams */,
				9CC059952F0D4900004FEB9C /* Audio */,
			);
			path = Core;
			sourceTree = "<group>";
		};
		9CC059952F0D4900004FEB9C /* Audio */ = {
			isa = PBXGroup;
			children = (
				9CE433C92F83B18D0025C582 /* AudioPlayer */,
				9CE433C82F83A9670025C582 /* Resample */,
				9CC059962F0D4915004FEB9C /* TVUAudioManager.h */,
				9CC059972F0D4915004FEB9C /* TVUAudioManager.m */,
				9C012D132F6E4DE000FB5170 /* WLResample.h */,
				9C012D142F6E4DE900FB5170 /* WLResample.m */,
				9CB196752F72C2EC007C6FB1 /* WLAudioPlayer.h */,
				9CB196762F72C2EC007C6FB1 /* WLAudioPlayer.m */,
				1BB7035508A3AA761DC56575 /* WLAudioBuffer.h */,
				E56B38CC75CEA8C2FB6FA029 /* WLAudioBuffer.m */,
			);
			path = Audio;
			sourceTree = "<group>";
		};
		9CD046BE2F91A28A008EAC25 /* Scene */ = {
			isa = PBXGroup;
			children = (
			);
			path = Scene;
			sourceTree = "<group>";
		};
		9CE433C02F81FB330025C582 /* Utils */ = {
			isa = PBXGroup;
			children = (
				9CE433C12F81FB670025C582 /* WLCoreUtils.h */,
				9CE433C22F81FB670025C582 /* WLCoreUtils.m */,
			);
			path = Utils;
			sourceTree = "<group>";
		};
		9CE433C42F82850E0025C582 /* Queue */ = {
			isa = PBXGroup;
			children = (
				9C012D162F6E670800FB5170 /* WLNode.h */,
				9C012D172F6E670800FB5170 /* WLNode.m */,
				9C012D192F6E674200FB5170 /* WLNodeQueue.h */,
				9C012D1A2F6E674200FB5170 /* WLNodeQueue.m */,
			);
			path = Queue;
			sourceTree = "<group>";
		};
		9CE433C82F83A9670025C582 /* Resample */ = {
			isa = PBXGroup;
			children = (
				9CE433C52F83A73D0025C582 /* WLAudioResample.h */,
				9CE433C62F83A73D0025C582 /* WLAudioResample.m */,
			);
			path = Resample;
			sourceTree = "<group>";
		};
		9CE433C92F83B18D0025C582 /* AudioPlayer */ = {
			isa = PBXGroup;
			children = (
				9CE433CA2F83B1A60025C582 /* WLAudioQueuePlayer.h */,
				9CE433CB2F83B1A60025C582 /* WLAudioQueuePlayer.m */,
			);
			path = AudioPlayer;
			sourceTree = "<group>";
		};
		D8B068687708BF0CFB038443 /* Frameworks */ = {
			isa = PBXGroup;
			children = (
				82F01650BE4715EDB1B95D8C /* Pods_WorkLabs.framework */,
			);
			name = Frameworks;
			sourceTree = "<group>";
		};
		E77F8B1DE8DAB9204493E876 /* Pods */ = {
			isa = PBXGroup;
			children = (
				AC89CF9A75BA89BDAEBA99CD /* Pods-WorkLabs.debug.xcconfig */,
				807CD9DDD0463F62C938810D /* Pods-WorkLabs.release.xcconfig */,
			);
			path = Pods;
			sourceTree = "<group>";
		};
/* End PBXGroup section */

/* Begin PBXNativeTarget section */
		9CA6B4402EC069B2002C613D /* WorkLabs */ = {
			isa = PBXNativeTarget;
			buildConfigurationList = 9CA6B4542EC069B4002C613D /* Build configuration list for PBXNativeTarget "WorkLabs" */;
			buildPhases = (
				3451A120F3968D0FE292DA3D /* [CP] Check Pods Manifest.lock */,
				9CA6B43D2EC069B2002C613D /* Sources */,
				9CA6B43E2EC069B2002C613D /* Frameworks */,
				9CA6B43F2EC069B2002C613D /* Resources */,
				A624C84192E8AB535627558A /* [CP] Embed Pods Frameworks */,
			);
			buildRules = (
			);
			dependencies = (
			);
			name = WorkLabs;
			productName = WorkLabs;
			productReference = 9CA6B4412EC069B2002C613D /* WorkLabs.app */;
			productType = "com.apple.product-type.application";
		};
/* End PBXNativeTarget section */

/* Begin PBXProject section */
		9CA6B4392EC069B2002C613D /* Project object */ = {
			isa = PBXProject;
			attributes = {
				BuildIndependentTargetsInParallel = 1;
				LastUpgradeCheck = 1630;
				TargetAttributes = {
					9CA6B4402EC069B2002C613D = {
						CreatedOnToolsVersion = 16.3;
					};
				};
			};
			buildConfigurationList = 9CA6B43C2EC069B2002C613D /* Build configuration list for PBXProject "WorkLabs" */;
			developmentRegion = en;
			hasScannedForEncodings = 0;
			knownRegions = (
				en,
				Base,
			);
			mainGroup = 9CA6B4382EC069B2002C613D;
			minimizedProjectReferenceProxies = 1;
			preferredProjectObjectVersion = 77;
			productRefGroup = 9CA6B4422EC069B2002C613D /* Products */;
			projectDirPath = "";
			projectRoot = "";
			targets = (
				9CA6B4402EC069B2002C613D /* WorkLabs */,
			);
		};
/* End PBXProject section */

/* Begin PBXResourcesBuildPhase section */
		9CA6B43F2EC069B2002C613D /* Resources */ = {
			isa = PBXResourcesBuildPhase;
			buildActionMask = 2147483647;
			files = (
				9CB18F3A2EF035CD00C248B0 /* Assets.xcassets in Resources */,
				9CB18F3C2EF035CD00C248B0 /* Main.storyboard in Resources */,
			);
			runOnlyForDeploymentPostprocessing = 0;
		};
/* End PBXResourcesBuildPhase section */

/* Begin PBXShellScriptBuildPhase section */
		3451A120F3968D0FE292DA3D /* [CP] Check Pods Manifest.lock */ = {
			isa = PBXShellScriptBuildPhase;
			buildActionMask = 2147483647;
			files = (
			);
			inputFileListPaths = (
			);
			inputPaths = (
				"${PODS_PODFILE_DIR_PATH}/Podfile.lock",
				"${PODS_ROOT}/Manifest.lock",
			);
			name = "[CP] Check Pods Manifest.lock";
			outputFileListPaths = (
			);
			outputPaths = (
				"$(DERIVED_FILE_DIR)/Pods-WorkLabs-checkManifestLockResult.txt",
			);
			runOnlyForDeploymentPostprocessing = 0;
			shellPath = /bin/sh;
			shellScript = "diff \"${PODS_PODFILE_DIR_PATH}/Podfile.lock\" \"${PODS_ROOT}/Manifest.lock\" > /dev/null\nif [ $? != 0 ] ; then\n    # print error to STDERR\n    echo \"error: The sandbox is not in sync with the Podfile.lock. Run 'pod install' or update your CocoaPods installation.\" >&2\n    exit 1\nfi\n# This output is used by Xcode 'outputs' to avoid re-running this script phase.\necho \"SUCCESS\" > \"${SCRIPT_OUTPUT_FILE_0}\"\n";
			showEnvVarsInLog = 0;
		};
		A624C84192E8AB535627558A /* [CP] Embed Pods Frameworks */ = {
			isa = PBXShellScriptBuildPhase;
			buildActionMask = 2147483647;
			files = (
			);
			inputFileListPaths = (
				"${PODS_ROOT}/Target Support Files/Pods-WorkLabs/Pods-WorkLabs-frameworks-${CONFIGURATION}-input-files.xcfilelist",
			);
			inputPaths = (
			);
			name = "[CP] Embed Pods Frameworks";
			outputFileListPaths = (
				"${PODS_ROOT}/Target Support Files/Pods-WorkLabs/Pods-WorkLabs-frameworks-${CONFIGURATION}-output-files.xcfilelist",
			);
			outputPaths = (
			);
			runOnlyForDeploymentPostprocessing = 0;
			shellPath = /bin/sh;
			shellScript = "\"${PODS_ROOT}/Target Support Files/Pods-WorkLabs/Pods-WorkLabs-frameworks.sh\"\n";
			showEnvVarsInLog = 0;
		};
/* End PBXShellScriptBuildPhase section */

/* Begin PBXSourcesBuildPhase section */
		9CA6B43D2EC069B2002C613D /* Sources */ = {
			isa = PBXSourcesBuildPhase;
			buildActionMask = 2147483647;
			files = (
				9CCBFD3A2F8F004300D040F5 /* WLMetalPreviewShaders.metal in Sources */,
				2CC1ED002EF24FAB003A35ED /* WLEvent.m in Sources */,
				9CE433CC2F83B1A60025C582 /* WLAudioQueuePlayer.m in Sources */,
				9CB18F2E2EF035CD00C248B0 /* NSView+BackgroundColor.m in Sources */,
				9C10ABC22F6E3E4B0022A777 /* WLMediaSource.m in Sources */,
				9CB18F2F2EF035CD00C248B0 /* NSWindow+WLExtend.m in Sources */,
				9CB196772F72C2EC007C6FB1 /* WLAudioPlayer.m in Sources */,
				9CB18F302EF035CD00C248B0 /* WLViedoPreview.m in Sources */,
				9CCBFD382F8F002D00D040F5 /* WLMetalPreview.m in Sources */,
				9CE433C72F83A73D0025C582 /* WLAudioResample.m in Sources */,
				9CB18F312EF035CD00C248B0 /* NSArray+Function.m in Sources */,
				2CC1ECBB2EF0F3EE003A35ED /* WLSettingViewController.m in Sources */,
				9C7D40502F0BFDA700756788 /* WLVideoDeviceSettingView.m in Sources */,
				9CA9264A2F8DAAAD009068C8 /* WLCameraSourceConfig.m in Sources */,
				9CCBFD322F8EFA4100D040F5 /* WLCameraSourceSettingView.m in Sources */,
				9C7D40512F0BFDA700756788 /* WLVideoDeviceSettingWindowController.m in Sources */,
				9CC2AD502F76C46A000E39D4 /* WLAudioMixStreams.m in Sources */,
				9CB474492F78CA3B00C8138F /* WLPushStreamsManager.m in Sources */,
				9CB4744C2F78CC1F00C8138F /* WLStreamsManager.m in Sources */,
				9CB18F322EF035CD00C248B0 /* NSObject+BaseDataType.m in Sources */,
				9CCBFD352F8EFA5F00D040F5 /* WLMediaSourceSettingView.m in Sources */,
				9CB18F332EF035CD00C248B0 /* AppDelegate.m in Sources */,
				2CC1ECFD2EF2448D003A35ED /* WLVideoSelectView.m in Sources */,
				9C012D1B2F6E674200FB5170 /* WLNodeQueue.m in Sources */,
				9CB474522F78CC7E00C8138F /* WLRenderingManager.m in Sources */,
				9CBEC7F72F75F09400FEB37E /* WLVideoConcatStreams.m in Sources */,
				9CB18F342EF035CD00C248B0 /* main.m in Sources */,
				9CB18F352EF035CD00C248B0 /* TVUVideoManager.mm in Sources */,
				9CE433C32F81FB670025C582 /* WLCoreUtils.m in Sources */,
				2C80D4B02EF2AAFA00AB8D7F /* WLEventDisposeBag.m in Sources */,
				9CC059982F0D4915004FEB9C /* TVUAudioManager.m in Sources */,
				9CB18F362EF035CD00C248B0 /* WLVideoManager.m in Sources */,
				9CB474462F78CA1C00C8138F /* WLAudioEncode.m in Sources */,
				9CB474432F78CA0A00C8138F /* WLVideoEncode.m in Sources */,
				9C012D152F6E4DE900FB5170 /* WLResample.m in Sources */,
				9CB18F372EF035CD00C248B0 /* WLDevicesManager.m in Sources */,
				9CB742C72EF42E4D00E773A3 /* WLEventObserveItem.m in Sources */,
				9CA926472F8D1CCE009068C8 /* WLCameraSource.m in Sources */,
				9CB18F382EF035CD00C248B0 /* WLMainViewController.m in Sources */,
				2C80D4B32EF2AB5100AB8D7F /* WLEventSendItem.m in Sources */,
				9C012D182F6E670800FB5170 /* WLNode.m in Sources */,
				9CB18F392EF035CD00C248B0 /* WLMainWindowController.m in Sources */,
				9CA9CB6E2F8FD89900FDEA07 /* WLToolbarButton.m in Sources */,
				B21031CC8BE85DE811EBA5DA /* WLAudioBuffer.m in Sources */,
				61AA691E5834E71747D8DAB7 /* WLScenePanel.m in Sources */,
				120F6EFF90128F84EBE05E4D /* WLSourcePanel.m in Sources */,
				29E7F8BC441BD8E6F6528001 /* WLAudioMixerPanel.m in Sources */,
				7924514B0A156B04FDA094BF /* WLTransitionPanel.m in Sources */,
				56C899307DB177BBF11BFB8C /* WLControlsPanel.m in Sources */,
				72007AC2781B5474AC08B610 /* WLControlPanelContainerView.m in Sources */,
			);
			runOnlyForDeploymentPostprocessing = 0;
		};
/* End PBXSourcesBuildPhase section */

/* Begin PBXVariantGroup section */
		9CB18F212EF035CD00C248B0 /* Main.storyboard */ = {
			isa = PBXVariantGroup;
			children = (
				9CB18F202EF035CD00C248B0 /* Base */,
			);
			name = Main.storyboard;
			sourceTree = "<group>";
		};
/* End PBXVariantGroup section */

/* Begin XCBuildConfiguration section */
		9CA6B4522EC069B4002C613D /* Debug */ = {
			isa = XCBuildConfiguration;
			buildSettings = {
				ALWAYS_SEARCH_USER_PATHS = NO;
				ASSETCATALOG_COMPILER_GENERATE_SWIFT_ASSET_SYMBOL_EXTENSIONS = YES;
				CLANG_ANALYZER_NONNULL = YES;
				CLANG_ANALYZER_NUMBER_OBJECT_CONVERSION = YES_AGGRESSIVE;
				CLANG_CXX_LANGUAGE_STANDARD = "gnu++20";
				CLANG_ENABLE_MODULES = YES;
				CLANG_ENABLE_OBJC_ARC = YES;
				CLANG_ENABLE_OBJC_WEAK = YES;
				CLANG_WARN_BLOCK_CAPTURE_AUTORELEASING = YES;
				CLANG_WARN_BOOL_CONVERSION = YES;
				CLANG_WARN_COMMA = YES;
				CLANG_WARN_CONSTANT_CONVERSION = YES;
				CLANG_WARN_DEPRECATED_OBJC_IMPLEMENTATIONS = YES;
				CLANG_WARN_DIRECT_OBJC_ISA_USAGE = YES_ERROR;
				CLANG_WARN_DOCUMENTATION_COMMENTS = YES;
				CLANG_WARN_EMPTY_BODY = YES;
				CLANG_WARN_ENUM_CONVERSION = YES;
				CLANG_WARN_INFINITE_RECURSION = YES;
				CLANG_WARN_INT_CONVERSION = YES;
				CLANG_WARN_NON_LITERAL_NULL_CONVERSION = YES;
				CLANG_WARN_OBJC_IMPLICIT_RETAIN_SELF = YES;
				CLANG_WARN_OBJC_LITERAL_CONVERSION = YES;
				CLANG_WARN_OBJC_ROOT_CLASS = YES_ERROR;
				CLANG_WARN_QUOTED_INCLUDE_IN_FRAMEWORK_HEADER = YES;
				CLANG_WARN_RANGE_LOOP_ANALYSIS = YES;
				CLANG_WARN_STRICT_PROTOTYPES = YES;
				CLANG_WARN_SUSPICIOUS_MOVE = YES;
				CLANG_WARN_UNGUARDED_AVAILABILITY = YES_AGGRESSIVE;
				CLANG_WARN_UNREACHABLE_CODE = YES;
				CLANG_WARN__DUPLICATE_METHOD_MATCH = YES;
				COPY_PHASE_STRIP = NO;
				DEBUG_INFORMATION_FORMAT = dwarf;
				ENABLE_STRICT_OBJC_MSGSEND = YES;
				ENABLE_TESTABILITY = YES;
				ENABLE_USER_SCRIPT_SANDBOXING = YES;
				GCC_C_LANGUAGE_STANDARD = gnu17;
				GCC_DYNAMIC_NO_PIC = NO;
				GCC_NO_COMMON_BLOCKS = YES;
				GCC_OPTIMIZATION_LEVEL = 0;
				GCC_PREPROCESSOR_DEFINITIONS = (
					"DEBUG=1",
					"$(inherited)",
				);
				GCC_WARN_64_TO_32_BIT_CONVERSION = YES;
				GCC_WARN_ABOUT_RETURN_TYPE = YES_ERROR;
				GCC_WARN_UNDECLARED_SELECTOR = YES;
				GCC_WARN_UNINITIALIZED_AUTOS = YES_AGGRESSIVE;
				GCC_WARN_UNUSED_FUNCTION = YES;
				GCC_WARN_UNUSED_VARIABLE = YES;
				LOCALIZATION_PREFERS_STRING_CATALOGS = YES;
				MACOSX_DEPLOYMENT_TARGET = 15.2;
				MTL_ENABLE_DEBUG_INFO = INCLUDE_SOURCE;
				MTL_FAST_MATH = YES;
				ONLY_ACTIVE_ARCH = YES;
				SDKROOT = macosx;
			};
			name = Debug;
		};
		9CA6B4532EC069B4002C613D /* Release */ = {
			isa = XCBuildConfiguration;
			buildSettings = {
				ALWAYS_SEARCH_USER_PATHS = NO;
				ASSETCATALOG_COMPILER_GENERATE_SWIFT_ASSET_SYMBOL_EXTENSIONS = YES;
				CLANG_ANALYZER_NONNULL = YES;
				CLANG_ANALYZER_NUMBER_OBJECT_CONVERSION = YES_AGGRESSIVE;
				CLANG_CXX_LANGUAGE_STANDARD = "gnu++20";
				CLANG_ENABLE_MODULES = YES;
				CLANG_ENABLE_OBJC_ARC = YES;
				CLANG_ENABLE_OBJC_WEAK = YES;
				CLANG_WARN_BLOCK_CAPTURE_AUTORELEASING = YES;
				CLANG_WARN_BOOL_CONVERSION = YES;
				CLANG_WARN_COMMA = YES;
				CLANG_WARN_CONSTANT_CONVERSION = YES;
				CLANG_WARN_DEPRECATED_OBJC_IMPLEMENTATIONS = YES;
				CLANG_WARN_DIRECT_OBJC_ISA_USAGE = YES_ERROR;
				CLANG_WARN_DOCUMENTATION_COMMENTS = YES;
				CLANG_WARN_EMPTY_BODY = YES;
				CLANG_WARN_ENUM_CONVERSION = YES;
				CLANG_WARN_INFINITE_RECURSION = YES;
				CLANG_WARN_INT_CONVERSION = YES;
				CLANG_WARN_NON_LITERAL_NULL_CONVERSION = YES;
				CLANG_WARN_OBJC_IMPLICIT_RETAIN_SELF = YES;
				CLANG_WARN_OBJC_LITERAL_CONVERSION = YES;
				CLANG_WARN_OBJC_ROOT_CLASS = YES_ERROR;
				CLANG_WARN_QUOTED_INCLUDE_IN_FRAMEWORK_HEADER = YES;
				CLANG_WARN_RANGE_LOOP_ANALYSIS = YES;
				CLANG_WARN_STRICT_PROTOTYPES = YES;
				CLANG_WARN_SUSPICIOUS_MOVE = YES;
				CLANG_WARN_UNGUARDED_AVAILABILITY = YES_AGGRESSIVE;
				CLANG_WARN_UNREACHABLE_CODE = YES;
				CLANG_WARN__DUPLICATE_METHOD_MATCH = YES;
				COPY_PHASE_STRIP = NO;
				DEBUG_INFORMATION_FORMAT = "dwarf-with-dsym";
				ENABLE_NS_ASSERTIONS = NO;
				ENABLE_STRICT_OBJC_MSGSEND = YES;
				ENABLE_USER_SCRIPT_SANDBOXING = YES;
				GCC_C_LANGUAGE_STANDARD = gnu17;
				GCC_NO_COMMON_BLOCKS = YES;
				GCC_WARN_64_TO_32_BIT_CONVERSION = YES;
				GCC_WARN_ABOUT_RETURN_TYPE = YES_ERROR;
				GCC_WARN_UNDECLARED_SELECTOR = YES;
				GCC_WARN_UNINITIALIZED_AUTOS = YES_AGGRESSIVE;
				GCC_WARN_UNUSED_FUNCTION = YES;
				GCC_WARN_UNUSED_VARIABLE = YES;
				LOCALIZATION_PREFERS_STRING_CATALOGS = YES;
				MACOSX_DEPLOYMENT_TARGET = 15.2;
				MTL_ENABLE_DEBUG_INFO = NO;
				MTL_FAST_MATH = YES;
				SDKROOT = macosx;
			};
			name = Release;
		};
		9CA6B4552EC069B4002C613D /* Debug */ = {
			isa = XCBuildConfiguration;
			baseConfigurationReference = AC89CF9A75BA89BDAEBA99CD /* Pods-WorkLabs.debug.xcconfig */;
			buildSettings = {
				ASSETCATALOG_COMPILER_APPICON_NAME = AppIcon;
				ASSETCATALOG_COMPILER_GLOBAL_ACCENT_COLOR_NAME = AccentColor;
				CODE_SIGN_ENTITLEMENTS = WorkLabs/WorkLabs.entitlements;
				CODE_SIGN_STYLE = Automatic;
				COMBINE_HIDPI_IMAGES = YES;
				CURRENT_PROJECT_VERSION = 1;
				DEVELOPMENT_TEAM = YDEVQQ22JR;
				ENABLE_APP_SANDBOX = YES;
				ENABLE_FILE_ACCESS_DOWNLOADS_FOLDER = readonly;
				ENABLE_INCOMING_NETWORK_CONNECTIONS = NO;
				ENABLE_OUTGOING_NETWORK_CONNECTIONS = NO;
				ENABLE_RESOURCE_ACCESS_AUDIO_INPUT = NO;
				ENABLE_RESOURCE_ACCESS_BLUETOOTH = NO;
				ENABLE_RESOURCE_ACCESS_CALENDARS = NO;
				ENABLE_RESOURCE_ACCESS_CAMERA = NO;
				ENABLE_RESOURCE_ACCESS_CONTACTS = NO;
				ENABLE_RESOURCE_ACCESS_LOCATION = NO;
				ENABLE_RESOURCE_ACCESS_PRINTING = NO;
				ENABLE_RESOURCE_ACCESS_USB = NO;
				ENABLE_USER_SCRIPT_SANDBOXING = NO;
				GENERATE_INFOPLIST_FILE = YES;
				INFOPLIST_FILE = WorkLabs/Info.plist;
				INFOPLIST_KEY_NSHumanReadableCopyright = "";
				INFOPLIST_KEY_NSMainStoryboardFile = Main;
				INFOPLIST_KEY_NSPrincipalClass = NSApplication;
				LD_RUNPATH_SEARCH_PATHS = (
					"$(inherited)",
					"@executable_path/../Frameworks",
				);
				MACOSX_DEPLOYMENT_TARGET = 15.0;
				MARKETING_VERSION = 1.0;
				PRODUCT_BUNDLE_IDENTIFIER = com.tvunetworks.partyline;
				PRODUCT_NAME = "$(TARGET_NAME)";
				REGISTER_APP_GROUPS = YES;
				SWIFT_EMIT_LOC_STRINGS = YES;
			};
			name = Debug;
		};
		9CA6B4562EC069B4002C613D /* Release */ = {
			isa = XCBuildConfiguration;
			baseConfigurationReference = 807CD9DDD0463F62C938810D /* Pods-WorkLabs.release.xcconfig */;
			buildSettings = {
				ASSETCATALOG_COMPILER_APPICON_NAME = AppIcon;
				ASSETCATALOG_COMPILER_GLOBAL_ACCENT_COLOR_NAME = AccentColor;
				CODE_SIGN_ENTITLEMENTS = WorkLabs/WorkLabs.entitlements;
				CODE_SIGN_STYLE = Automatic;
				COMBINE_HIDPI_IMAGES = YES;
				CURRENT_PROJECT_VERSION = 1;
				DEVELOPMENT_TEAM = YDEVQQ22JR;
				ENABLE_APP_SANDBOX = YES;
				ENABLE_FILE_ACCESS_DOWNLOADS_FOLDER = readonly;
				ENABLE_INCOMING_NETWORK_CONNECTIONS = NO;
				ENABLE_OUTGOING_NETWORK_CONNECTIONS = NO;
				ENABLE_RESOURCE_ACCESS_AUDIO_INPUT = NO;
				ENABLE_RESOURCE_ACCESS_BLUETOOTH = NO;
				ENABLE_RESOURCE_ACCESS_CALENDARS = NO;
				ENABLE_RESOURCE_ACCESS_CAMERA = NO;
				ENABLE_RESOURCE_ACCESS_CONTACTS = NO;
				ENABLE_RESOURCE_ACCESS_LOCATION = NO;
				ENABLE_RESOURCE_ACCESS_PRINTING = NO;
				ENABLE_RESOURCE_ACCESS_USB = NO;
				ENABLE_USER_SCRIPT_SANDBOXING = NO;
				GENERATE_INFOPLIST_FILE = YES;
				INFOPLIST_FILE = WorkLabs/Info.plist;
				INFOPLIST_KEY_NSHumanReadableCopyright = "";
				INFOPLIST_KEY_NSMainStoryboardFile = Main;
				INFOPLIST_KEY_NSPrincipalClass = NSApplication;
				LD_RUNPATH_SEARCH_PATHS = (
					"$(inherited)",
					"@executable_path/../Frameworks",
				);
				MACOSX_DEPLOYMENT_TARGET = 15.0;
				MARKETING_VERSION = 1.0;
				PRODUCT_BUNDLE_IDENTIFIER = com.tvunetworks.partyline;
				PRODUCT_NAME = "$(TARGET_NAME)";
				REGISTER_APP_GROUPS = YES;
				SWIFT_EMIT_LOC_STRINGS = YES;
			};
			name = Release;
		};
/* End XCBuildConfiguration section */

/* Begin XCConfigurationList section */
		9CA6B43C2EC069B2002C613D /* Build configuration list for PBXProject "WorkLabs" */ = {
			isa = XCConfigurationList;
			buildConfigurations = (
				9CA6B4522EC069B4002C613D /* Debug */,
				9CA6B4532EC069B4002C613D /* Release */,
			);
			defaultConfigurationIsVisible = 0;
			defaultConfigurationName = Release;
		};
		9CA6B4542EC069B4002C613D /* Build configuration list for PBXNativeTarget "WorkLabs" */ = {
			isa = XCConfigurationList;
			buildConfigurations = (
				9CA6B4552EC069B4002C613D /* Debug */,
				9CA6B4562EC069B4002C613D /* Release */,
			);
			defaultConfigurationIsVisible = 0;
			defaultConfigurationName = Release;
		};
/* End XCConfigurationList section */
	};
	rootObject = 9CA6B4392EC069B2002C613D /* Project object */;
}
