// !$*UTF8*$!
{
	archiveVersion = 1;
	classes = {
	};
	objectVersion = 77;
	objects = {

/* Begin PBXBuildFile section */
		00DF1DAE6359677591365060 /* CoreMedia.framework in Frameworks */ = {isa = PBXBuildFile; fileRef = 053BDA41819D17335D8F61F0 /* CoreMedia.framework */; };
		02D740823FD211CF53F015E5 /* WLAudioMixerDockViewController.m in Sources */ = {isa = PBXBuildFile; fileRef = 61CC2CC5ACE42A65D9A14555 /* WLAudioMixerDockViewController.m */; };
		04AE419FEE9FE7F9B65C7CBF /* WLDockManager.m in Sources */ = {isa = PBXBuildFile; fileRef = F785BD1A879259DBDCB18BA4 /* WLDockManager.m */; };
		0A0C1B45D8ACB179DBF34E14 /* WLScenesDockViewController.m in Sources */ = {isa = PBXBuildFile; fileRef = C147CDD22545C3B5324F56D4 /* WLScenesDockViewController.m */; };
		27101E6475B80D4284FEE10A /* wl_queue.c in Sources */ = {isa = PBXBuildFile; fileRef = 17C6366A425003B3DCC5F3DE /* wl_queue.c */; };
		27330D91354FF89C5825C5E4 /* WLCanvasView.m in Sources */ = {isa = PBXBuildFile; fileRef = 322E69CBF4DCF3770CAE31D9 /* WLCanvasView.m */; };
		2D1C75A4888FDA070B584C7B /* WLCanvasLayout.m in Sources */ = {isa = PBXBuildFile; fileRef = B1B969D18367F0AC85C76519 /* WLCanvasLayout.m */; };
		33B2F3C8AB5EF7F5CC1DC69A /* WLTransitionsDockViewController.m in Sources */ = {isa = PBXBuildFile; fileRef = 270B3F885A6FD90583539E60 /* WLTransitionsDockViewController.m */; };
		347269D373AEABAE0622C5BC /* WLSourceRegistry.cpp in Sources */ = {isa = PBXBuildFile; fileRef = F514F71DC77AF37A8CCFC111 /* WLSourceRegistry.cpp */; };
		4AD253F5E00C5ABD1AB019B6 /* AppDelegate.m in Sources */ = {isa = PBXBuildFile; fileRef = C78377A235C2D7BC747F0613 /* AppDelegate.m */; };
		4D352041A57812555EF557EC /* WLCore.cpp in Sources */ = {isa = PBXBuildFile; fileRef = 95A711BD980FDD38B676ACAB /* WLCore.cpp */; };
		5A6DC52D636CBA0F4F9F2597 /* WLDockViewController.m in Sources */ = {isa = PBXBuildFile; fileRef = 1337F13F3E9246259FABF72D /* WLDockViewController.m */; };
		5AFF201C0643E1A099C07094 /* WLControlsDockViewController.m in Sources */ = {isa = PBXBuildFile; fileRef = C432C5CFCD7328B4D37D6BA6 /* WLControlsDockViewController.m */; };
		63198C269497E1A5A1BB10C6 /* Assets.xcassets in Resources */ = {isa = PBXBuildFile; fileRef = 161AB26AA735EE3349382FFD /* Assets.xcassets */; };
		649E96A13A54E64D85D5790F /* ViewController.mm in Sources */ = {isa = PBXBuildFile; fileRef = B2B4809CB5C4008488920C29 /* ViewController.mm */; };
		76A676C9A5DAB03B9D6C0883 /* WLDecoder.cpp in Sources */ = {isa = PBXBuildFile; fileRef = 48EB46722580FB909C5E7EDC /* WLDecoder.cpp */; };
		796DB15F0A16454983AE35D5 /* Main.storyboard in Resources */ = {isa = PBXBuildFile; fileRef = E50A6BBCF7F77C758F750B34 /* Main.storyboard */; };
		88675F3AEAE3B20A7B7E9D11 /* wl_node.c in Sources */ = {isa = PBXBuildFile; fileRef = E3CB57DB49451863D6A2BE5F /* wl_node.c */; };
		97E5312F08EDE65EBEB3BA44 /* WLDockView.mm in Sources */ = {isa = PBXBuildFile; fileRef = FBE30E40B87159AE473E7899 /* WLDockView.mm */; };
		BE2C9452F3C020F30C209C80 /* CoreVideo.framework in Frameworks */ = {isa = PBXBuildFile; fileRef = 2E940120CD72C5D7F4280F2E /* CoreVideo.framework */; };
		BF3968E2B096E55ED66F8651 /* main.m in Sources */ = {isa = PBXBuildFile; fileRef = 56441A426792D5C02105697B /* main.m */; };
		C2DC559227749160CAA68F68 /* AVFoundation.framework in Frameworks */ = {isa = PBXBuildFile; fileRef = 6F316E75E30747384D8320B1 /* AVFoundation.framework */; };
		D187F16370FA1B764A8DD2BC /* WLSourcesDockViewController.mm in Sources */ = {isa = PBXBuildFile; fileRef = 4EFD43395E83E848A367F8FF /* WLSourcesDockViewController.mm */; };
		D33945EBD812ED1166FBF3AF /* WLSourcePreview.mm in Sources */ = {isa = PBXBuildFile; fileRef = 934AF7CE535DF28E61680A0F /* WLSourcePreview.mm */; };
		D724FD0A1FBA9BCDE39FFEEB /* WLSource.cpp in Sources */ = {isa = PBXBuildFile; fileRef = 13C8339CE4E5C29E3DADED1B /* WLSource.cpp */; };
		E79BE9980B19E24AF4B2C737 /* WLMediaSource.cpp in Sources */ = {isa = PBXBuildFile; fileRef = 65D76A43659046BDDC8861D2 /* WLMediaSource.cpp */; };
		F37C920FA2DB0894AF07A013 /* WLGraphics.cpp in Sources */ = {isa = PBXBuildFile; fileRef = F66B797C804BCBCEC4491E1C /* WLGraphics.cpp */; };
		FC0351255992E9B55119BED5 /* Pods_OBSLabs.framework in Frameworks */ = {isa = PBXBuildFile; fileRef = B7497709EEB7860932E3FA7F /* Pods_OBSLabs.framework */; };
/* End PBXBuildFile section */

/* Begin PBXFileReference section */
		053BDA41819D17335D8F61F0 /* CoreMedia.framework */ = {isa = PBXFileReference; lastKnownFileType = wrapper.framework; name = CoreMedia.framework; path = System/Library/Frameworks/CoreMedia.framework; sourceTree = SDKROOT; };
		09F31CCC7C632F757B0A2C9F /* wl_queue.h */ = {isa = PBXFileReference; lastKnownFileType = sourcecode.c.h; path = wl_queue.h; sourceTree = "<group>"; };
		1337F13F3E9246259FABF72D /* WLDockViewController.m */ = {isa = PBXFileReference; lastKnownFileType = sourcecode.c.objc; path = WLDockViewController.m; sourceTree = "<group>"; };
		13475E41D5B5DBFEE452C271 /* OBSLabs.app */ = {isa = PBXFileReference; explicitFileType = wrapper.application; includeInIndex = 0; path = OBSLabs.app; sourceTree = BUILT_PRODUCTS_DIR; };
		13C8339CE4E5C29E3DADED1B /* WLSource.cpp */ = {isa = PBXFileReference; lastKnownFileType = sourcecode.cpp.cpp; path = WLSource.cpp; sourceTree = "<group>"; };
		161AB26AA735EE3349382FFD /* Assets.xcassets */ = {isa = PBXFileReference; lastKnownFileType = folder.assetcatalog; path = Assets.xcassets; sourceTree = "<group>"; };
		17C6366A425003B3DCC5F3DE /* wl_queue.c */ = {isa = PBXFileReference; lastKnownFileType = sourcecode.c.c; path = wl_queue.c; sourceTree = "<group>"; };
		1960E2559C782CC55080C08A /* WLControlsDockViewController.h */ = {isa = PBXFileReference; lastKnownFileType = sourcecode.c.h; path = WLControlsDockViewController.h; sourceTree = "<group>"; };
		2044733C283F31524D4E796A /* Base */ = {isa = PBXFileReference; lastKnownFileType = file.storyboard; name = Base; path = Base.lproj/Main.storyboard; sourceTree = "<group>"; };
		20C796361E2613111A4D74FF /* Pods-OBSLabs.release.xcconfig */ = {isa = PBXFileReference; includeInIndex = 1; lastKnownFileType = text.xcconfig; name = "Pods-OBSLabs.release.xcconfig"; path = "Target Support Files/Pods-OBSLabs/Pods-OBSLabs.release.xcconfig"; sourceTree = "<group>"; };
		21286AEA9347EB0E57D8C89E /* WLScenesDockViewController.h */ = {isa = PBXFileReference; lastKnownFileType = sourcecode.c.h; path = WLScenesDockViewController.h; sourceTree = "<group>"; };
		23FBF6311259AE40C469DAC5 /* WLSourceRegistry.hpp */ = {isa = PBXFileReference; lastKnownFileType = sourcecode.cpp.h; path = WLSourceRegistry.hpp; sourceTree = "<group>"; };
		270B3F885A6FD90583539E60 /* WLTransitionsDockViewController.m */ = {isa = PBXFileReference; lastKnownFileType = sourcecode.c.objc; path = WLTransitionsDockViewController.m; sourceTree = "<group>"; };
		2E940120CD72C5D7F4280F2E /* CoreVideo.framework */ = {isa = PBXFileReference; lastKnownFileType = wrapper.framework; name = CoreVideo.framework; path = System/Library/Frameworks/CoreVideo.framework; sourceTree = SDKROOT; };
		322E69CBF4DCF3770CAE31D9 /* WLCanvasView.m */ = {isa = PBXFileReference; lastKnownFileType = sourcecode.c.objc; path = WLCanvasView.m; sourceTree = "<group>"; };
		391489186C70EBAAD3B96E33 /* WLTime.hpp */ = {isa = PBXFileReference; lastKnownFileType = sourcecode.cpp.h; path = WLTime.hpp; sourceTree = "<group>"; };
		3BEADF4EE9C21C6DD1DFA8B4 /* WLGraphics.hpp */ = {isa = PBXFileReference; lastKnownFileType = sourcecode.cpp.h; path = WLGraphics.hpp; sourceTree = "<group>"; };
		3C11D4E18560545742827396 /* WLTransitionsDockViewController.h */ = {isa = PBXFileReference; lastKnownFileType = sourcecode.c.h; path = WLTransitionsDockViewController.h; sourceTree = "<group>"; };
		48EB46722580FB909C5E7EDC /* WLDecoder.cpp */ = {isa = PBXFileReference; lastKnownFileType = sourcecode.cpp.cpp; path = WLDecoder.cpp; sourceTree = "<group>"; };
		4EFD43395E83E848A367F8FF /* WLSourcesDockViewController.mm */ = {isa = PBXFileReference; lastKnownFileType = sourcecode.cpp.objcpp; path = WLSourcesDockViewController.mm; sourceTree = "<group>"; };
		4FD5A230B30669D375019221 /* ViewController.h */ = {isa = PBXFileReference; lastKnownFileType = sourcecode.c.h; path = ViewController.h; sourceTree = "<group>"; };
		51AA44025E1EA1A96A05D9A1 /* WLCanvasView.h */ = {isa = PBXFileReference; lastKnownFileType = sourcecode.c.h; path = WLCanvasView.h; sourceTree = "<group>"; };
		53A743768F4B18F25B033514 /* AppDelegate.h */ = {isa = PBXFileReference; lastKnownFileType = sourcecode.c.h; path = AppDelegate.h; sourceTree = "<group>"; };
		53C75EE8797040B8EDB95D85 /* WLSourcesDockViewController.h */ = {isa = PBXFileReference; lastKnownFileType = sourcecode.c.h; path = WLSourcesDockViewController.h; sourceTree = "<group>"; };
		56441A426792D5C02105697B /* main.m */ = {isa = PBXFileReference; lastKnownFileType = sourcecode.c.objc; path = main.m; sourceTree = "<group>"; };
		59F0876BD7F4BE4CA3E8709A /* Pods-OBSLabs.debug.xcconfig */ = {isa = PBXFileReference; includeInIndex = 1; lastKnownFileType = text.xcconfig; name = "Pods-OBSLabs.debug.xcconfig"; path = "Target Support Files/Pods-OBSLabs/Pods-OBSLabs.debug.xcconfig"; sourceTree = "<group>"; };
		5A8D7EA9FD2812C33F337DA8 /* WLAudioMixerDockViewController.h */ = {isa = PBXFileReference; lastKnownFileType = sourcecode.c.h; path = WLAudioMixerDockViewController.h; sourceTree = "<group>"; };
		61CC2CC5ACE42A65D9A14555 /* WLAudioMixerDockViewController.m */ = {isa = PBXFileReference; lastKnownFileType = sourcecode.c.objc; path = WLAudioMixerDockViewController.m; sourceTree = "<group>"; };
		65D76A43659046BDDC8861D2 /* WLMediaSource.cpp */ = {isa = PBXFileReference; lastKnownFileType = sourcecode.cpp.cpp; path = WLMediaSource.cpp; sourceTree = "<group>"; };
		6F316E75E30747384D8320B1 /* AVFoundation.framework */ = {isa = PBXFileReference; lastKnownFileType = wrapper.framework; name = AVFoundation.framework; path = System/Library/Frameworks/AVFoundation.framework; sourceTree = SDKROOT; };
		7E383F1512639E1AB1C97F1B /* WLDecoder.hpp */ = {isa = PBXFileReference; lastKnownFileType = sourcecode.cpp.h; path = WLDecoder.hpp; sourceTree = "<group>"; };
		869A65A0FBE60CA893359736 /* WLSource.hpp */ = {isa = PBXFileReference; lastKnownFileType = sourcecode.cpp.h; path = WLSource.hpp; sourceTree = "<group>"; };
		934AF7CE535DF28E61680A0F /* WLSourcePreview.mm */ = {isa = PBXFileReference; lastKnownFileType = sourcecode.cpp.objcpp; path = WLSourcePreview.mm; sourceTree = "<group>"; };
		95A711BD980FDD38B676ACAB /* WLCore.cpp */ = {isa = PBXFileReference; lastKnownFileType = sourcecode.cpp.cpp; path = WLCore.cpp; sourceTree = "<group>"; };
		9F3F83F9DE29D4870918BD3B /* WLDockView.h */ = {isa = PBXFileReference; lastKnownFileType = sourcecode.c.h; path = WLDockView.h; sourceTree = "<group>"; };
		AC27C81103C4563156DFB3B5 /* WLDockViewController.h */ = {isa = PBXFileReference; lastKnownFileType = sourcecode.c.h; path = WLDockViewController.h; sourceTree = "<group>"; };
		B1B969D18367F0AC85C76519 /* WLCanvasLayout.m */ = {isa = PBXFileReference; lastKnownFileType = sourcecode.c.objc; path = WLCanvasLayout.m; sourceTree = "<group>"; };
		B2B4809CB5C4008488920C29 /* ViewController.mm */ = {isa = PBXFileReference; lastKnownFileType = sourcecode.cpp.objcpp; path = ViewController.mm; sourceTree = "<group>"; };
		B7497709EEB7860932E3FA7F /* Pods_OBSLabs.framework */ = {isa = PBXFileReference; explicitFileType = wrapper.framework; includeInIndex = 0; path = Pods_OBSLabs.framework; sourceTree = BUILT_PRODUCTS_DIR; };
		B9AC6C3F0B0D2CE311B5E8CE /* WLDockManager.h */ = {isa = PBXFileReference; lastKnownFileType = sourcecode.c.h; path = WLDockManager.h; sourceTree = "<group>"; };
		C147CDD22545C3B5324F56D4 /* WLScenesDockViewController.m */ = {isa = PBXFileReference; lastKnownFileType = sourcecode.c.objc; path = WLScenesDockViewController.m; sourceTree = "<group>"; };
		C432C5CFCD7328B4D37D6BA6 /* WLControlsDockViewController.m */ = {isa = PBXFileReference; lastKnownFileType = sourcecode.c.objc; path = WLControlsDockViewController.m; sourceTree = "<group>"; };
		C78377A235C2D7BC747F0613 /* AppDelegate.m */ = {isa = PBXFileReference; lastKnownFileType = sourcecode.c.objc; path = AppDelegate.m; sourceTree = "<group>"; };
		CE907B40DFAEB4A01ADDEB53 /* WLMediaSource.hpp */ = {isa = PBXFileReference; lastKnownFileType = sourcecode.cpp.h; path = WLMediaSource.hpp; sourceTree = "<group>"; };
		E158E244BC2AB3787A0917AB /* WLCanvasLayout.h */ = {isa = PBXFileReference; lastKnownFileType = sourcecode.c.h; path = WLCanvasLayout.h; sourceTree = "<group>"; };
		E3CB57DB49451863D6A2BE5F /* wl_node.c */ = {isa = PBXFileReference; lastKnownFileType = sourcecode.c.c; path = wl_node.c; sourceTree = "<group>"; };
		E48E5CB8C17889BAF0E12F8B /* WLSourcePreview.h */ = {isa = PBXFileReference; lastKnownFileType = sourcecode.c.h; path = WLSourcePreview.h; sourceTree = "<group>"; };
		F245EEAE34D35797F216B16B /* wl_node.h */ = {isa = PBXFileReference; lastKnownFileType = sourcecode.c.h; path = wl_node.h; sourceTree = "<group>"; };
		F514F71DC77AF37A8CCFC111 /* WLSourceRegistry.cpp */ = {isa = PBXFileReference; lastKnownFileType = sourcecode.cpp.cpp; path = WLSourceRegistry.cpp; sourceTree = "<group>"; };
		F66B797C804BCBCEC4491E1C /* WLGraphics.cpp */ = {isa = PBXFileReference; lastKnownFileType = sourcecode.cpp.cpp; path = WLGraphics.cpp; sourceTree = "<group>"; };
		F785BD1A879259DBDCB18BA4 /* WLDockManager.m */ = {isa = PBXFileReference; lastKnownFileType = sourcecode.c.objc; path = WLDockManager.m; sourceTree = "<group>"; };
		F7C743DCFD3409D164D68C91 /* WLCore.hpp */ = {isa = PBXFileReference; lastKnownFileType = sourcecode.cpp.h; path = WLCore.hpp; sourceTree = "<group>"; };
		FBE30E40B87159AE473E7899 /* WLDockView.mm */ = {isa = PBXFileReference; lastKnownFileType = sourcecode.cpp.objcpp; path = WLDockView.mm; sourceTree = "<group>"; };
/* End PBXFileReference section */

/* Begin PBXFrameworksBuildPhase section */
		B303DE4A93CE2FAC560D47F2 /* Frameworks */ = {
			isa = PBXFrameworksBuildPhase;
			buildActionMask = 2147483647;
			files = (
				C2DC559227749160CAA68F68 /* AVFoundation.framework in Frameworks */,
				00DF1DAE6359677591365060 /* CoreMedia.framework in Frameworks */,
				BE2C9452F3C020F30C209C80 /* CoreVideo.framework in Frameworks */,
				FC0351255992E9B55119BED5 /* Pods_OBSLabs.framework in Frameworks */,
			);
			runOnlyForDeploymentPostprocessing = 0;
		};
/* End PBXFrameworksBuildPhase section */

/* Begin PBXGroup section */
		0CC280F106F4789C23A763F5 /* Canvas */ = {
			isa = PBXGroup;
			children = (
				E158E244BC2AB3787A0917AB /* WLCanvasLayout.h */,
				B1B969D18367F0AC85C76519 /* WLCanvasLayout.m */,
				51AA44025E1EA1A96A05D9A1 /* WLCanvasView.h */,
				322E69CBF4DCF3770CAE31D9 /* WLCanvasView.m */,
				E48E5CB8C17889BAF0E12F8B /* WLSourcePreview.h */,
				934AF7CE535DF28E61680A0F /* WLSourcePreview.mm */,
			);
			path = Canvas;
			sourceTree = "<group>";
		};
		10B101E1BA3C8B87F5F447C5 /* Docks */ = {
			isa = PBXGroup;
			children = (
				5A8D7EA9FD2812C33F337DA8 /* WLAudioMixerDockViewController.h */,
				61CC2CC5ACE42A65D9A14555 /* WLAudioMixerDockViewController.m */,
				1960E2559C782CC55080C08A /* WLControlsDockViewController.h */,
				C432C5CFCD7328B4D37D6BA6 /* WLControlsDockViewController.m */,
				B9AC6C3F0B0D2CE311B5E8CE /* WLDockManager.h */,
				F785BD1A879259DBDCB18BA4 /* WLDockManager.m */,
				9F3F83F9DE29D4870918BD3B /* WLDockView.h */,
				FBE30E40B87159AE473E7899 /* WLDockView.mm */,
				AC27C81103C4563156DFB3B5 /* WLDockViewController.h */,
				1337F13F3E9246259FABF72D /* WLDockViewController.m */,
				21286AEA9347EB0E57D8C89E /* WLScenesDockViewController.h */,
				C147CDD22545C3B5324F56D4 /* WLScenesDockViewController.m */,
				53C75EE8797040B8EDB95D85 /* WLSourcesDockViewController.h */,
				4EFD43395E83E848A367F8FF /* WLSourcesDockViewController.mm */,
				3C11D4E18560545742827396 /* WLTransitionsDockViewController.h */,
				270B3F885A6FD90583539E60 /* WLTransitionsDockViewController.m */,
			);
			path = Docks;
			sourceTree = "<group>";
		};
		1CF4E72401E28BDE62DCE61F /* Frameworks */ = {
			isa = PBXGroup;
			children = (
				6F316E75E30747384D8320B1 /* AVFoundation.framework */,
				053BDA41819D17335D8F61F0 /* CoreMedia.framework */,
				2E940120CD72C5D7F4280F2E /* CoreVideo.framework */,
				B7497709EEB7860932E3FA7F /* Pods_OBSLabs.framework */,
			);
			name = Frameworks;
			sourceTree = "<group>";
		};
		2118EEED580E06656EF17CC9 = {
			isa = PBXGroup;
			children = (
				7FCEB47BCE246F8AE6F73D23 /* OBSLabs */,
				5961F480CE4C72A9B438F3E5 /* src */,
				1CF4E72401E28BDE62DCE61F /* Frameworks */,
				B2C19F66B368B8F27F6D3AC3 /* Products */,
				770ACCE9BDE4DEC5849AD433 /* Pods */,
			);
			sourceTree = "<group>";
		};
		3FC677C496D45D3D25C64259 /* util */ = {
			isa = PBXGroup;
			children = (
				391489186C70EBAAD3B96E33 /* WLTime.hpp */,
			);
			path = util;
			sourceTree = "<group>";
		};
		5961F480CE4C72A9B438F3E5 /* src */ = {
			isa = PBXGroup;
			children = (
				9C2FBF8A5803BC16A5AF16CB /* core */,
				E392995B53F7C4908E887EC9 /* decoder */,
				9E7BC89DFC633A854B04F19F /* graphics */,
				94546DB134A9564F99CCFEAF /* queue */,
				A3E1F448851B38F0EBDD1882 /* source */,
				3FC677C496D45D3D25C64259 /* util */,
			);
			name = src;
			path = libwl/src;
			sourceTree = "<group>";
		};
		770ACCE9BDE4DEC5849AD433 /* Pods */ = {
			isa = PBXGroup;
			children = (
				59F0876BD7F4BE4CA3E8709A /* Pods-OBSLabs.debug.xcconfig */,
				20C796361E2613111A4D74FF /* Pods-OBSLabs.release.xcconfig */,
			);
			name = Pods;
			path = Pods;
			sourceTree = "<group>";
		};
		7FCEB47BCE246F8AE6F73D23 /* OBSLabs */ = {
			isa = PBXGroup;
			children = (
				53A743768F4B18F25B033514 /* AppDelegate.h */,
				C78377A235C2D7BC747F0613 /* AppDelegate.m */,
				161AB26AA735EE3349382FFD /* Assets.xcassets */,
				56441A426792D5C02105697B /* main.m */,
				4FD5A230B30669D375019221 /* ViewController.h */,
				B2B4809CB5C4008488920C29 /* ViewController.mm */,
				0CC280F106F4789C23A763F5 /* Canvas */,
				10B101E1BA3C8B87F5F447C5 /* Docks */,
				E50A6BBCF7F77C758F750B34 /* Main.storyboard */,
			);
			path = OBSLabs;
			sourceTree = "<group>";
		};
		94546DB134A9564F99CCFEAF /* queue */ = {
			isa = PBXGroup;
			children = (
				E3CB57DB49451863D6A2BE5F /* wl_node.c */,
				F245EEAE34D35797F216B16B /* wl_node.h */,
				17C6366A425003B3DCC5F3DE /* wl_queue.c */,
				09F31CCC7C632F757B0A2C9F /* wl_queue.h */,
			);
			path = queue;
			sourceTree = "<group>";
		};
		9C2FBF8A5803BC16A5AF16CB /* core */ = {
			isa = PBXGroup;
			children = (
				95A711BD980FDD38B676ACAB /* WLCore.cpp */,
				F7C743DCFD3409D164D68C91 /* WLCore.hpp */,
			);
			path = core;
			sourceTree = "<group>";
		};
		9E7BC89DFC633A854B04F19F /* graphics */ = {
			isa = PBXGroup;
			children = (
				F66B797C804BCBCEC4491E1C /* WLGraphics.cpp */,
				3BEADF4EE9C21C6DD1DFA8B4 /* WLGraphics.hpp */,
			);
			path = graphics;
			sourceTree = "<group>";
		};
		A3E1F448851B38F0EBDD1882 /* source */ = {
			isa = PBXGroup;
			children = (
				65D76A43659046BDDC8861D2 /* WLMediaSource.cpp */,
				CE907B40DFAEB4A01ADDEB53 /* WLMediaSource.hpp */,
				13C8339CE4E5C29E3DADED1B /* WLSource.cpp */,
				869A65A0FBE60CA893359736 /* WLSource.hpp */,
				F514F71DC77AF37A8CCFC111 /* WLSourceRegistry.cpp */,
				23FBF6311259AE40C469DAC5 /* WLSourceRegistry.hpp */,
			);
			path = source;
			sourceTree = "<group>";
		};
		B2C19F66B368B8F27F6D3AC3 /* Products */ = {
			isa = PBXGroup;
			children = (
				13475E41D5B5DBFEE452C271 /* OBSLabs.app */,
			);
			name = Products;
			sourceTree = "<group>";
		};
		E392995B53F7C4908E887EC9 /* decoder */ = {
			isa = PBXGroup;
			children = (
				48EB46722580FB909C5E7EDC /* WLDecoder.cpp */,
				7E383F1512639E1AB1C97F1B /* WLDecoder.hpp */,
			);
			path = decoder;
			sourceTree = "<group>";
		};
/* End PBXGroup section */

/* Begin PBXNativeTarget section */
		8E0FB377E10C5A67A8BE6C4E /* OBSLabs */ = {
			isa = PBXNativeTarget;
			buildConfigurationList = 251B92FF4B975CEF02E2DCD6 /* Build configuration list for PBXNativeTarget "OBSLabs" */;
			buildPhases = (
				6EF3A9D071462EC38743DACC /* [CP] Check Pods Manifest.lock */,
				7E2672C7CBF7445D99AEA66F /* Sources */,
				F7436D36F168A97B4A942AB3 /* Resources */,
				B303DE4A93CE2FAC560D47F2 /* Frameworks */,
				3171F4A8E5F23C828B3501D5 /* [CP] Embed Pods Frameworks */,
			);
			buildRules = (
			);
			dependencies = (
			);
			name = OBSLabs;
			productName = OBSLabs;
			productReference = 13475E41D5B5DBFEE452C271 /* OBSLabs.app */;
			productType = "com.apple.product-type.application";
		};
/* End PBXNativeTarget section */

/* Begin PBXProject section */
		3B114A0EC6CAF48BDBB226B1 /* Project object */ = {
			isa = PBXProject;
			attributes = {
				BuildIndependentTargetsInParallel = YES;
				LastUpgradeCheck = 1430;
				TargetAttributes = {
				};
			};
			buildConfigurationList = 9DE6892CD66EA1625906917F /* Build configuration list for PBXProject "OBSLabs" */;
			developmentRegion = en;
			hasScannedForEncodings = 0;
			knownRegions = (
				Base,
				en,
			);
			mainGroup = 2118EEED580E06656EF17CC9;
			minimizedProjectReferenceProxies = 1;
			preferredProjectObjectVersion = 77;
			productRefGroup = B2C19F66B368B8F27F6D3AC3 /* Products */;
			projectDirPath = "";
			projectRoot = "";
			targets = (
				8E0FB377E10C5A67A8BE6C4E /* OBSLabs */,
			);
		};
/* End PBXProject section */

/* Begin PBXResourcesBuildPhase section */
		F7436D36F168A97B4A942AB3 /* Resources */ = {
			isa = PBXResourcesBuildPhase;
			buildActionMask = 2147483647;
			files = (
				63198C269497E1A5A1BB10C6 /* Assets.xcassets in Resources */,
				796DB15F0A16454983AE35D5 /* Main.storyboard in Resources */,
			);
			runOnlyForDeploymentPostprocessing = 0;
		};
/* End PBXResourcesBuildPhase section */

/* Begin PBXShellScriptBuildPhase section */
		3171F4A8E5F23C828B3501D5 /* [CP] Embed Pods Frameworks */ = {
			isa = PBXShellScriptBuildPhase;
			buildActionMask = 2147483647;
			files = (
			);
			inputFileListPaths = (
				"${PODS_ROOT}/Target Support Files/Pods-OBSLabs/Pods-OBSLabs-frameworks-${CONFIGURATION}-input-files.xcfilelist",
			);
			name = "[CP] Embed Pods Frameworks";
			outputFileListPaths = (
				"${PODS_ROOT}/Target Support Files/Pods-OBSLabs/Pods-OBSLabs-frameworks-${CONFIGURATION}-output-files.xcfilelist",
			);
			runOnlyForDeploymentPostprocessing = 0;
			shellPath = /bin/sh;
			shellScript = "\"${PODS_ROOT}/Target Support Files/Pods-OBSLabs/Pods-OBSLabs-frameworks.sh\"\n";
			showEnvVarsInLog = 0;
		};
		6EF3A9D071462EC38743DACC /* [CP] Check Pods Manifest.lock */ = {
			isa = PBXShellScriptBuildPhase;
			buildActionMask = 2147483647;
			files = (
			);
			inputFileListPaths = (
			);
			inputPaths = (
				"${PODS_PODFILE_DIR_PATH}/Podfile.lock",
				"${PODS_ROOT}/Manifest.lock",
			);
			name = "[CP] Check Pods Manifest.lock";
			outputFileListPaths = (
			);
			outputPaths = (
				"$(DERIVED_FILE_DIR)/Pods-OBSLabs-checkManifestLockResult.txt",
			);
			runOnlyForDeploymentPostprocessing = 0;
			shellPath = /bin/sh;
			shellScript = "diff \"${PODS_PODFILE_DIR_PATH}/Podfile.lock\" \"${PODS_ROOT}/Manifest.lock\" > /dev/null\nif [ $? != 0 ] ; then\n    # print error to STDERR\n    echo \"error: The sandbox is not in sync with the Podfile.lock. Run 'pod install' or update your CocoaPods installation.\" >&2\n    exit 1\nfi\n# This output is used by Xcode 'outputs' to avoid re-running this script phase.\necho \"SUCCESS\" > \"${SCRIPT_OUTPUT_FILE_0}\"\n";
			showEnvVarsInLog = 0;
		};
/* End PBXShellScriptBuildPhase section */

/* Begin PBXSourcesBuildPhase section */
		7E2672C7CBF7445D99AEA66F /* Sources */ = {
			isa = PBXSourcesBuildPhase;
			buildActionMask = 2147483647;
			files = (
				4AD253F5E00C5ABD1AB019B6 /* AppDelegate.m in Sources */,
				649E96A13A54E64D85D5790F /* ViewController.mm in Sources */,
				02D740823FD211CF53F015E5 /* WLAudioMixerDockViewController.m in Sources */,
				2D1C75A4888FDA070B584C7B /* WLCanvasLayout.m in Sources */,
				27330D91354FF89C5825C5E4 /* WLCanvasView.m in Sources */,
				5AFF201C0643E1A099C07094 /* WLControlsDockViewController.m in Sources */,
				4D352041A57812555EF557EC /* WLCore.cpp in Sources */,
				76A676C9A5DAB03B9D6C0883 /* WLDecoder.cpp in Sources */,
				04AE419FEE9FE7F9B65C7CBF /* WLDockManager.m in Sources */,
				97E5312F08EDE65EBEB3BA44 /* WLDockView.mm in Sources */,
				5A6DC52D636CBA0F4F9F2597 /* WLDockViewController.m in Sources */,
				F37C920FA2DB0894AF07A013 /* WLGraphics.cpp in Sources */,
				E79BE9980B19E24AF4B2C737 /* WLMediaSource.cpp in Sources */,
				0A0C1B45D8ACB179DBF34E14 /* WLScenesDockViewController.m in Sources */,
				D724FD0A1FBA9BCDE39FFEEB /* WLSource.cpp in Sources */,
				D33945EBD812ED1166FBF3AF /* WLSourcePreview.mm in Sources */,
				347269D373AEABAE0622C5BC /* WLSourceRegistry.cpp in Sources */,
				D187F16370FA1B764A8DD2BC /* WLSourcesDockViewController.mm in Sources */,
				33B2F3C8AB5EF7F5CC1DC69A /* WLTransitionsDockViewController.m in Sources */,
				BF3968E2B096E55ED66F8651 /* main.m in Sources */,
				88675F3AEAE3B20A7B7E9D11 /* wl_node.c in Sources */,
				27101E6475B80D4284FEE10A /* wl_queue.c in Sources */,
			);
			runOnlyForDeploymentPostprocessing = 0;
		};
/* End PBXSourcesBuildPhase section */

/* Begin PBXVariantGroup section */
		E50A6BBCF7F77C758F750B34 /* Main.storyboard */ = {
			isa = PBXVariantGroup;
			children = (
				2044733C283F31524D4E796A /* Base */,
			);
			name = Main.storyboard;
			sourceTree = "<group>";
		};
/* End PBXVariantGroup section */

/* Begin XCBuildConfiguration section */
		41AFDFA5A560A96C4F7EB287 /* Debug */ = {
			isa = XCBuildConfiguration;
			baseConfigurationReference = 59F0876BD7F4BE4CA3E8709A /* Pods-OBSLabs.debug.xcconfig */;
			buildSettings = {
				ASSETCATALOG_COMPILER_APPICON_NAME = AppIcon;
				CLANG_CXX_LANGUAGE_STANDARD = "gnu++20";
				CLANG_ENABLE_OBJC_ARC = YES;
				COMBINE_HIDPI_IMAGES = YES;
				CURRENT_PROJECT_VERSION = 1;
				GCC_C_LANGUAGE_STANDARD = gnu17;
				GENERATE_INFOPLIST_FILE = YES;
				HEADER_SEARCH_PATHS = "$(SRCROOT)/libwl/src/**";
				INFOPLIST_KEY_NSHumanReadableCopyright = "";
				INFOPLIST_KEY_NSMainStoryboardFile = Main;
				INFOPLIST_KEY_NSPrincipalClass = NSApplication;
				LD_RUNPATH_SEARCH_PATHS = (
					"$(inherited)",
					"@executable_path/../Frameworks",
				);
				MACOSX_DEPLOYMENT_TARGET = 15.2;
				MARKETING_VERSION = 1.0;
				PRODUCT_BUNDLE_IDENTIFIER = app.OBSLabs;
				SDKROOT = macosx;
				XCConfig = "Pods/Target Support Files/Pods-OBSLabs/Pods-OBSLabs.debug.xcconfig";
			};
			name = Debug;
		};
		4C1F63378239CCC4378E0B20 /* Release */ = {
			isa = XCBuildConfiguration;
			buildSettings = {
				ALWAYS_SEARCH_USER_PATHS = NO;
				CLANG_ANALYZER_NONNULL = YES;
				CLANG_ANALYZER_NUMBER_OBJECT_CONVERSION = YES_AGGRESSIVE;
				CLANG_CXX_LANGUAGE_STANDARD = "gnu++14";
				CLANG_CXX_LIBRARY = "libc++";
				CLANG_ENABLE_MODULES = YES;
				CLANG_ENABLE_OBJC_ARC = YES;
				CLANG_ENABLE_OBJC_WEAK = YES;
				CLANG_WARN_BLOCK_CAPTURE_AUTORELEASING = YES;
				CLANG_WARN_BOOL_CONVERSION = YES;
				CLANG_WARN_COMMA = YES;
				CLANG_WARN_CONSTANT_CONVERSION = YES;
				CLANG_WARN_DEPRECATED_OBJC_IMPLEMENTATIONS = YES;
				CLANG_WARN_DIRECT_OBJC_ISA_USAGE = YES_ERROR;
				CLANG_WARN_DOCUMENTATION_COMMENTS = YES;
				CLANG_WARN_EMPTY_BODY = YES;
				CLANG_WARN_ENUM_CONVERSION = YES;
				CLANG_WARN_INFINITE_RECURSION = YES;
				CLANG_WARN_INT_CONVERSION = YES;
				CLANG_WARN_NON_LITERAL_NULL_CONVERSION = YES;
				CLANG_WARN_OBJC_IMPLICIT_RETAIN_SELF = YES;
				CLANG_WARN_OBJC_LITERAL_CONVERSION = YES;
				CLANG_WARN_OBJC_ROOT_CLASS = YES_ERROR;
				CLANG_WARN_QUOTED_INCLUDE_IN_FRAMEWORK_HEADER = YES;
				CLANG_WARN_RANGE_LOOP_ANALYSIS = YES;
				CLANG_WARN_STRICT_PROTOTYPES = YES;
				CLANG_WARN_SUSPICIOUS_MOVE = YES;
				CLANG_WARN_UNGUARDED_AVAILABILITY = YES_AGGRESSIVE;
				CLANG_WARN_UNREACHABLE_CODE = YES;
				CLANG_WARN__DUPLICATE_METHOD_MATCH = YES;
				COPY_PHASE_STRIP = NO;
				DEBUG_INFORMATION_FORMAT = "dwarf-with-dsym";
				ENABLE_NS_ASSERTIONS = NO;
				ENABLE_STRICT_OBJC_MSGSEND = YES;
				GCC_C_LANGUAGE_STANDARD = gnu11;
				GCC_NO_COMMON_BLOCKS = YES;
				GCC_WARN_64_TO_32_BIT_CONVERSION = YES;
				GCC_WARN_ABOUT_RETURN_TYPE = YES_ERROR;
				GCC_WARN_UNDECLARED_SELECTOR = YES;
				GCC_WARN_UNINITIALIZED_AUTOS = YES_AGGRESSIVE;
				GCC_WARN_UNUSED_FUNCTION = YES;
				GCC_WARN_UNUSED_VARIABLE = YES;
				MACOSX_DEPLOYMENT_TARGET = 15.2;
				MTL_ENABLE_DEBUG_INFO = NO;
				MTL_FAST_MATH = YES;
				PRODUCT_NAME = "$(TARGET_NAME)";
				SDKROOT = macosx;
				SWIFT_COMPILATION_MODE = wholemodule;
				SWIFT_OPTIMIZATION_LEVEL = "-O";
				SWIFT_VERSION = 5.0;
			};
			name = Release;
		};
		D858416A3B8E2CCB24EC35D4 /* Debug */ = {
			isa = XCBuildConfiguration;
			buildSettings = {
				ALWAYS_SEARCH_USER_PATHS = NO;
				CLANG_ANALYZER_NONNULL = YES;
				CLANG_ANALYZER_NUMBER_OBJECT_CONVERSION = YES_AGGRESSIVE;
				CLANG_CXX_LANGUAGE_STANDARD = "gnu++14";
				CLANG_CXX_LIBRARY = "libc++";
				CLANG_ENABLE_MODULES = YES;
				CLANG_ENABLE_OBJC_ARC = YES;
				CLANG_ENABLE_OBJC_WEAK = YES;
				CLANG_WARN_BLOCK_CAPTURE_AUTORELEASING = YES;
				CLANG_WARN_BOOL_CONVERSION = YES;
				CLANG_WARN_COMMA = YES;
				CLANG_WARN_CONSTANT_CONVERSION = YES;
				CLANG_WARN_DEPRECATED_OBJC_IMPLEMENTATIONS = YES;
				CLANG_WARN_DIRECT_OBJC_ISA_USAGE = YES_ERROR;
				CLANG_WARN_DOCUMENTATION_COMMENTS = YES;
				CLANG_WARN_EMPTY_BODY = YES;
				CLANG_WARN_ENUM_CONVERSION = YES;
				CLANG_WARN_INFINITE_RECURSION = YES;
				CLANG_WARN_INT_CONVERSION = YES;
				CLANG_WARN_NON_LITERAL_NULL_CONVERSION = YES;
				CLANG_WARN_OBJC_IMPLICIT_RETAIN_SELF = YES;
				CLANG_WARN_OBJC_LITERAL_CONVERSION = YES;
				CLANG_WARN_OBJC_ROOT_CLASS = YES_ERROR;
				CLANG_WARN_QUOTED_INCLUDE_IN_FRAMEWORK_HEADER = YES;
				CLANG_WARN_RANGE_LOOP_ANALYSIS = YES;
				CLANG_WARN_STRICT_PROTOTYPES = YES;
				CLANG_WARN_SUSPICIOUS_MOVE = YES;
				CLANG_WARN_UNGUARDED_AVAILABILITY = YES_AGGRESSIVE;
				CLANG_WARN_UNREACHABLE_CODE = YES;
				CLANG_WARN__DUPLICATE_METHOD_MATCH = YES;
				COPY_PHASE_STRIP = NO;
				DEBUG_INFORMATION_FORMAT = dwarf;
				ENABLE_STRICT_OBJC_MSGSEND = YES;
				ENABLE_TESTABILITY = YES;
				GCC_C_LANGUAGE_STANDARD = gnu11;
				GCC_DYNAMIC_NO_PIC = NO;
				GCC_NO_COMMON_BLOCKS = YES;
				GCC_OPTIMIZATION_LEVEL = 0;
				GCC_PREPROCESSOR_DEFINITIONS = (
					"$(inherited)",
					"DEBUG=1",
				);
				GCC_WARN_64_TO_32_BIT_CONVERSION = YES;
				GCC_WARN_ABOUT_RETURN_TYPE = YES_ERROR;
				GCC_WARN_UNDECLARED_SELECTOR = YES;
				GCC_WARN_UNINITIALIZED_AUTOS = YES_AGGRESSIVE;
				GCC_WARN_UNUSED_FUNCTION = YES;
				GCC_WARN_UNUSED_VARIABLE = YES;
				MACOSX_DEPLOYMENT_TARGET = 15.2;
				MTL_ENABLE_DEBUG_INFO = INCLUDE_SOURCE;
				MTL_FAST_MATH = YES;
				ONLY_ACTIVE_ARCH = YES;
				PRODUCT_NAME = "$(TARGET_NAME)";
				SDKROOT = macosx;
				SWIFT_ACTIVE_COMPILATION_CONDITIONS = DEBUG;
				SWIFT_OPTIMIZATION_LEVEL = "-Onone";
				SWIFT_VERSION = 5.0;
			};
			name = Debug;
		};
		D8E4C088FF76395CF0EFFBAF /* Release */ = {
			isa = XCBuildConfiguration;
			baseConfigurationReference = 20C796361E2613111A4D74FF /* Pods-OBSLabs.release.xcconfig */;
			buildSettings = {
				ASSETCATALOG_COMPILER_APPICON_NAME = AppIcon;
				CLANG_CXX_LANGUAGE_STANDARD = "gnu++20";
				CLANG_ENABLE_OBJC_ARC = YES;
				COMBINE_HIDPI_IMAGES = YES;
				CURRENT_PROJECT_VERSION = 1;
				GCC_C_LANGUAGE_STANDARD = gnu17;
				GENERATE_INFOPLIST_FILE = YES;
				HEADER_SEARCH_PATHS = "$(SRCROOT)/libwl/src/**";
				INFOPLIST_KEY_NSHumanReadableCopyright = "";
				INFOPLIST_KEY_NSMainStoryboardFile = Main;
				INFOPLIST_KEY_NSPrincipalClass = NSApplication;
				LD_RUNPATH_SEARCH_PATHS = (
					"$(inherited)",
					"@executable_path/../Frameworks",
				);
				MACOSX_DEPLOYMENT_TARGET = 15.2;
				MARKETING_VERSION = 1.0;
				PRODUCT_BUNDLE_IDENTIFIER = app.OBSLabs;
				SDKROOT = macosx;
				XCConfig = "Pods/Target Support Files/Pods-OBSLabs/Pods-OBSLabs.release.xcconfig";
			};
			name = Release;
		};
/* End XCBuildConfiguration section */

/* Begin XCConfigurationList section */
		251B92FF4B975CEF02E2DCD6 /* Build configuration list for PBXNativeTarget "OBSLabs" */ = {
			isa = XCConfigurationList;
			buildConfigurations = (
				41AFDFA5A560A96C4F7EB287 /* Debug */,
				D8E4C088FF76395CF0EFFBAF /* Release */,
			);
			defaultConfigurationIsVisible = 0;
			defaultConfigurationName = Debug;
		};
		9DE6892CD66EA1625906917F /* Build configuration list for PBXProject "OBSLabs" */ = {
			isa = XCConfigurationList;
			buildConfigurations = (
				D858416A3B8E2CCB24EC35D4 /* Debug */,
				4C1F63378239CCC4378E0B20 /* Release */,
			);
			defaultConfigurationIsVisible = 0;
			defaultConfigurationName = Debug;
		};
/* End XCConfigurationList section */
	};
	rootObject = 3B114A0EC6CAF48BDBB226B1 /* Project object */;
}
